// !$*UTF8*$!
{
	archiveVersion = 1;
	classes = {
	};
	objectVersion = 46;
	objects = {

/* Begin PBXBuildFile section */
		D028D3601BCD2AC40086AEF5 /* AppDelegate.swift in Sources */ = {isa = PBXBuildFile; fileRef = D028D35F1BCD2AC40086AEF5 /* AppDelegate.swift */; };
		D028D3621BCD2AC40086AEF5 /* ViewController.swift in Sources */ = {isa = PBXBuildFile; fileRef = D028D3611BCD2AC40086AEF5 /* ViewController.swift */; };
		D028D3651BCD2AC40086AEF5 /* Main.storyboard in Resources */ = {isa = PBXBuildFile; fileRef = D028D3631BCD2AC40086AEF5 /* Main.storyboard */; };
		D028D3671BCD2AC40086AEF5 /* Assets.xcassets in Resources */ = {isa = PBXBuildFile; fileRef = D028D3661BCD2AC40086AEF5 /* Assets.xcassets */; };
		D028D36A1BCD2AC40086AEF5 /* LaunchScreen.storyboard in Resources */ = {isa = PBXBuildFile; fileRef = D028D3681BCD2AC40086AEF5 /* LaunchScreen.storyboard */; };
		D028D3751BCD2AC40086AEF5 /* MOB_Lesson_3Tests.swift in Sources */ = {isa = PBXBuildFile; fileRef = D028D3741BCD2AC40086AEF5 /* MOB_Lesson_3Tests.swift */; };
		D028D3801BCD2AC40086AEF5 /* MOB_Lesson_3UITests.swift in Sources */ = {isa = PBXBuildFile; fileRef = D028D37F1BCD2AC40086AEF5 /* MOB_Lesson_3UITests.swift */; };
/* End PBXBuildFile section */

/* Begin PBXContainerItemProxy section */
		D028D3711BCD2AC40086AEF5 /* PBXContainerItemProxy */ = {
			isa = PBXContainerItemProxy;
			containerPortal = D028D3541BCD2AC40086AEF5 /* Project object */;
			proxyType = 1;
			remoteGlobalIDString = D028D35B1BCD2AC40086AEF5;
			remoteInfo = "MOB-Lesson-3";
		};
		D028D37C1BCD2AC40086AEF5 /* PBXContainerItemProxy */ = {
			isa = PBXContainerItemProxy;
			containerPortal = D028D3541BCD2AC40086AEF5 /* Project object */;
			proxyType = 1;
			remoteGlobalIDString = D028D35B1BCD2AC40086AEF5;
			remoteInfo = "MOB-Lesson-3";
		};
/* End PBXContainerItemProxy section */

/* Begin PBXFileReference section */
		D028D35C1BCD2AC40086AEF5 /* MOB-Lesson-3.app */ = {isa = PBXFileReference; explicitFileType = wrapper.application; includeInIndex = 0; path = "MOB-Lesson-3.app"; sourceTree = BUILT_PRODUCTS_DIR; };
		D028D35F1BCD2AC40086AEF5 /* AppDelegate.swift */ = {isa = PBXFileReference; lastKnownFileType = sourcecode.swift; path = AppDelegate.swift; sourceTree = "<group>"; };
		D028D3611BCD2AC40086AEF5 /* ViewController.swift */ = {isa = PBXFileReference; lastKnownFileType = sourcecode.swift; path = ViewController.swift; sourceTree = "<group>"; };
		D028D3641BCD2AC40086AEF5 /* Base */ = {isa = PBXFileReference; lastKnownFileType = file.storyboard; name = Base; path = Base.lproj/Main.storyboard; sourceTree = "<group>"; };
		D028D3661BCD2AC40086AEF5 /* Assets.xcassets */ = {isa = PBXFileReference; lastKnownFileType = folder.assetcatalog; path = Assets.xcassets; sourceTree = "<group>"; };
		D028D3691BCD2AC40086AEF5 /* Base */ = {isa = PBXFileReference; lastKnownFileType = file.storyboard; name = Base; path = Base.lproj/LaunchScreen.storyboard; sourceTree = "<group>"; };
		D028D36B1BCD2AC40086AEF5 /* Info.plist */ = {isa = PBXFileReference; lastKnownFileType = text.plist.xml; path = Info.plist; sourceTree = "<group>"; };
		D028D3701BCD2AC40086AEF5 /* MOB-Lesson-3Tests.xctest */ = {isa = PBXFileReference; explicitFileType = wrapper.cfbundle; includeInIndex = 0; path = "MOB-Lesson-3Tests.xctest"; sourceTree = BUILT_PRODUCTS_DIR; };
		D028D3741BCD2AC40086AEF5 /* MOB_Lesson_3Tests.swift */ = {isa = PBXFileReference; lastKnownFileType = sourcecode.swift; path = MOB_Lesson_3Tests.swift; sourceTree = "<group>"; };
		D028D3761BCD2AC40086AEF5 /* Info.plist */ = {isa = PBXFileReference; lastKnownFileType = text.plist.xml; path = Info.plist; sourceTree = "<group>"; };
		D028D37B1BCD2AC40086AEF5 /* MOB-Lesson-3UITests.xctest */ = {isa = PBXFileReference; explicitFileType = wrapper.cfbundle; includeInIndex = 0; path = "MOB-Lesson-3UITests.xctest"; sourceTree = BUILT_PRODUCTS_DIR; };
		D028D37F1BCD2AC40086AEF5 /* MOB_Lesson_3UITests.swift */ = {isa = PBXFileReference; lastKnownFileType = sourcecode.swift; path = MOB_Lesson_3UITests.swift; sourceTree = "<group>"; };
		D028D3811BCD2AC40086AEF5 /* Info.plist */ = {isa = PBXFileReference; lastKnownFileType = text.plist.xml; path = Info.plist; sourceTree = "<group>"; };
/* End PBXFileReference section */

/* Begin PBXFrameworksBuildPhase section */
		D028D3591BCD2AC40086AEF5 /* Frameworks */ = {
			isa = PBXFrameworksBuildPhase;
			buildActionMask = 2147483647;
			files = (
			);
			runOnlyForDeploymentPostprocessing = 0;
		};
		D028D36D1BCD2AC40086AEF5 /* Frameworks */ = {
			isa = PBXFrameworksBuildPhase;
			buildActionMask = 2147483647;
			files = (
			);
			runOnlyForDeploymentPostprocessing = 0;
		};
		D028D3781BCD2AC40086AEF5 /* Frameworks */ = {
			isa = PBXFrameworksBuildPhase;
			buildActionMask = 2147483647;
			files = (
			);
			runOnlyForDeploymentPostprocessing = 0;
		};
/* End PBXFrameworksBuildPhase section */

/* Begin PBXGroup section */
		D028D3531BCD2AC40086AEF5 = {
			isa = PBXGroup;
			children = (
				D028D35E1BCD2AC40086AEF5 /* MOB-Lesson-3 */,
				D028D3731BCD2AC40086AEF5 /* MOB-Lesson-3Tests */,
				D028D37E1BCD2AC40086AEF5 /* MOB-Lesson-3UITests */,
				D028D35D1BCD2AC40086AEF5 /* Products */,
			);
			sourceTree = "<group>";
		};
		D028D35D1BCD2AC40086AEF5 /* Products */ = {
			isa = PBXGroup;
			children = (
				D028D35C1BCD2AC40086AEF5 /* MOB-Lesson-3.app */,
				D028D3701BCD2AC40086AEF5 /* MOB-Lesson-3Tests.xctest */,
				D028D37B1BCD2AC40086AEF5 /* MOB-Lesson-3UITests.xctest */,
			);
			name = Products;
			sourceTree = "<group>";
		};
		D028D35E1BCD2AC40086AEF5 /* MOB-Lesson-3 */ = {
			isa = PBXGroup;
			children = (
				D028D35F1BCD2AC40086AEF5 /* AppDelegate.swift */,
				D028D3611BCD2AC40086AEF5 /* ViewController.swift */,
				D028D3631BCD2AC40086AEF5 /* Main.storyboard */,
				D028D3661BCD2AC40086AEF5 /* Assets.xcassets */,
				D028D3681BCD2AC40086AEF5 /* LaunchScreen.storyboard */,
				D028D36B1BCD2AC40086AEF5 /* Info.plist */,
			);
			path = "MOB-Lesson-3";
			sourceTree = "<group>";
		};
		D028D3731BCD2AC40086AEF5 /* MOB-Lesson-3Tests */ = {
			isa = PBXGroup;
			children = (
				D028D3741BCD2AC40086AEF5 /* MOB_Lesson_3Tests.swift */,
				D028D3761BCD2AC40086AEF5 /* Info.plist */,
			);
			path = "MOB-Lesson-3Tests";
			sourceTree = "<group>";
		};
		D028D37E1BCD2AC40086AEF5 /* MOB-Lesson-3UITests */ = {
			isa = PBXGroup;
			children = (
				D028D37F1BCD2AC40086AEF5 /* MOB_Lesson_3UITests.swift */,
				D028D3811BCD2AC40086AEF5 /* Info.plist */,
			);
			path = "MOB-Lesson-3UITests";
			sourceTree = "<group>";
		};
/* End PBXGroup section */

/* Begin PBXNativeTarget section */
		D028D35B1BCD2AC40086AEF5 /* MOB-Lesson-3 */ = {
			isa = PBXNativeTarget;
			buildConfigurationList = D028D3841BCD2AC40086AEF5 /* Build configuration list for PBXNativeTarget "MOB-Lesson-3" */;
			buildPhases = (
				D028D3581BCD2AC40086AEF5 /* Sources */,
				D028D3591BCD2AC40086AEF5 /* Frameworks */,
				D028D35A1BCD2AC40086AEF5 /* Resources */,
			);
			buildRules = (
			);
			dependencies = (
			);
			name = "MOB-Lesson-3";
			productName = "MOB-Lesson-3";
			productReference = D028D35C1BCD2AC40086AEF5 /* MOB-Lesson-3.app */;
			productType = "com.apple.product-type.application";
		};
		D028D36F1BCD2AC40086AEF5 /* MOB-Lesson-3Tests */ = {
			isa = PBXNativeTarget;
			buildConfigurationList = D028D3871BCD2AC40086AEF5 /* Build configuration list for PBXNativeTarget "MOB-Lesson-3Tests" */;
			buildPhases = (
				D028D36C1BCD2AC40086AEF5 /* Sources */,
				D028D36D1BCD2AC40086AEF5 /* Frameworks */,
				D028D36E1BCD2AC40086AEF5 /* Resources */,
			);
			buildRules = (
			);
			dependencies = (
				D028D3721BCD2AC40086AEF5 /* PBXTargetDependency */,
			);
			name = "MOB-Lesson-3Tests";
			productName = "MOB-Lesson-3Tests";
			productReference = D028D3701BCD2AC40086AEF5 /* MOB-Lesson-3Tests.xctest */;
			productType = "com.apple.product-type.bundle.unit-test";
		};
		D028D37A1BCD2AC40086AEF5 /* MOB-Lesson-3UITests */ = {
			isa = PBXNativeTarget;
			buildConfigurationList = D028D38A1BCD2AC40086AEF5 /* Build configuration list for PBXNativeTarget "MOB-Lesson-3UITests" */;
			buildPhases = (
				D028D3771BCD2AC40086AEF5 /* Sources */,
				D028D3781BCD2AC40086AEF5 /* Frameworks */,
				D028D3791BCD2AC40086AEF5 /* Resources */,
			);
			buildRules = (
			);
			dependencies = (
				D028D37D1BCD2AC40086AEF5 /* PBXTargetDependency */,
			);
			name = "MOB-Lesson-3UITests";
			productName = "MOB-Lesson-3UITests";
			productReference = D028D37B1BCD2AC40086AEF5 /* MOB-Lesson-3UITests.xctest */;
			productType = "com.apple.product-type.bundle.ui-testing";
		};
/* End PBXNativeTarget section */

/* Begin PBXProject section */
		D028D3541BCD2AC40086AEF5 /* Project object */ = {
			isa = PBXProject;
			attributes = {
				LastUpgradeCheck = 0700;
				ORGANIZATIONNAME = "Cyrille GOSSE";
				TargetAttributes = {
					D028D35B1BCD2AC40086AEF5 = {
						CreatedOnToolsVersion = 7.0.1;
					};
					D028D36F1BCD2AC40086AEF5 = {
						CreatedOnToolsVersion = 7.0.1;
						TestTargetID = D028D35B1BCD2AC40086AEF5;
					};
					D028D37A1BCD2AC40086AEF5 = {
						CreatedOnToolsVersion = 7.0.1;
						TestTargetID = D028D35B1BCD2AC40086AEF5;
					};
				};
			};
			buildConfigurationList = D028D3571BCD2AC40086AEF5 /* Build configuration list for PBXProject "MOB-Lesson-3" */;
			compatibilityVersion = "Xcode 3.2";
			developmentRegion = English;
			hasScannedForEncodings = 0;
			knownRegions = (
				en,
				Base,
			);
			mainGroup = D028D3531BCD2AC40086AEF5;
			productRefGroup = D028D35D1BCD2AC40086AEF5 /* Products */;
			projectDirPath = "";
			projectRoot = "";
			targets = (
				D028D35B1BCD2AC40086AEF5 /* MOB-Lesson-3 */,
				D028D36F1BCD2AC40086AEF5 /* MOB-Lesson-3Tests */,
				D028D37A1BCD2AC40086AEF5 /* MOB-Lesson-3UITests */,
			);
		};
/* End PBXProject section */

/* Begin PBXResourcesBuildPhase section */
		D028D35A1BCD2AC40086AEF5 /* Resources */ = {
			isa = PBXResourcesBuildPhase;
			buildActionMask = 2147483647;
			files = (
				D028D36A1BCD2AC40086AEF5 /* LaunchScreen.storyboard in Resources */,
				D028D3671BCD2AC40086AEF5 /* Assets.xcassets in Resources */,
				D028D3651BCD2AC40086AEF5 /* Main.storyboard in Resources */,
			);
			runOnlyForDeploymentPostprocessing = 0;
		};
		D028D36E1BCD2AC40086AEF5 /* Resources */ = {
			isa = PBXResourcesBuildPhase;
			buildActionMask = 2147483647;
			files = (
			);
			runOnlyForDeploymentPostprocessing = 0;
		};
		D028D3791BCD2AC40086AEF5 /* Resources */ = {
			isa = PBXResourcesBuildPhase;
			buildActionMask = 2147483647;
			files = (
			);
			runOnlyForDeploymentPostprocessing = 0;
		};
/* End PBXResourcesBuildPhase section */

/* Begin PBXSourcesBuildPhase section */
		D028D3581BCD2AC40086AEF5 /* Sources */ = {
			isa = PBXSourcesBuildPhase;
			buildActionMask = 2147483647;
			files = (
				D028D3621BCD2AC40086AEF5 /* ViewController.swift in Sources */,
				D028D3601BCD2AC40086AEF5 /* AppDelegate.swift in Sources */,
			);
			runOnlyForDeploymentPostprocessing = 0;
		};
		D028D36C1BCD2AC40086AEF5 /* Sources */ = {
			isa = PBXSourcesBuildPhase;
			buildActionMask = 2147483647;
			files = (
				D028D3751BCD2AC40086AEF5 /* MOB_Lesson_3Tests.swift in Sources */,
			);
			runOnlyForDeploymentPostprocessing = 0;
		};
		D028D3771BCD2AC40086AEF5 /* Sources */ = {
			isa = PBXSourcesBuildPhase;
			buildActionMask = 2147483647;
			files = (
				D028D3801BCD2AC40086AEF5 /* MOB_Lesson_3UITests.swift in Sources */,
			);
			runOnlyForDeploymentPostprocessing = 0;
		};
/* End PBXSourcesBuildPhase section */

/* Begin PBXTargetDependency section */
		D028D3721BCD2AC40086AEF5 /* PBXTargetDependency */ = {
			isa = PBXTargetDependency;
			target = D028D35B1BCD2AC40086AEF5 /* MOB-Lesson-3 */;
			targetProxy = D028D3711BCD2AC40086AEF5 /* PBXContainerItemProxy */;
		};
		D028D37D1BCD2AC40086AEF5 /* PBXTargetDependency */ = {
			isa = PBXTargetDependency;
			target = D028D35B1BCD2AC40086AEF5 /* MOB-Lesson-3 */;
			targetProxy = D028D37C1BCD2AC40086AEF5 /* PBXContainerItemProxy */;
		};
/* End PBXTargetDependency section */

/* Begin PBXVariantGroup section */
		D028D3631BCD2AC40086AEF5 /* Main.storyboard */ = {
			isa = PBXVariantGroup;
			children = (
				D028D3641BCD2AC40086AEF5 /* Base */,
			);
			name = Main.storyboard;
			sourceTree = "<group>";
		};
		D028D3681BCD2AC40086AEF5 /* LaunchScreen.storyboard */ = {
			isa = PBXVariantGroup;
			children = (
				D028D3691BCD2AC40086AEF5 /* Base */,
			);
			name = LaunchScreen.storyboard;
			sourceTree = "<group>";
		};
/* End PBXVariantGroup section */

/* Begin XCBuildConfiguration section */
		D028D3821BCD2AC40086AEF5 /* Debug */ = {
			isa = XCBuildConfiguration;
			buildSettings = {
				ALWAYS_SEARCH_USER_PATHS = NO;
				CLANG_CXX_LANGUAGE_STANDARD = "gnu++0x";
				CLANG_CXX_LIBRARY = "libc++";
				CLANG_ENABLE_MODULES = YES;
				CLANG_ENABLE_OBJC_ARC = YES;
				CLANG_WARN_BOOL_CONVERSION = YES;
				CLANG_WARN_CONSTANT_CONVERSION = YES;
				CLANG_WARN_DIRECT_OBJC_ISA_USAGE = YES_ERROR;
				CLANG_WARN_EMPTY_BODY = YES;
				CLANG_WARN_ENUM_CONVERSION = YES;
				CLANG_WARN_INT_CONVERSION = YES;
				CLANG_WARN_OBJC_ROOT_CLASS = YES_ERROR;
				CLANG_WARN_UNREACHABLE_CODE = YES;
				CLANG_WARN__DUPLICATE_METHOD_MATCH = YES;
				"CODE_SIGN_IDENTITY[sdk=iphoneos*]" = "iPhone Developer";
				COPY_PHASE_STRIP = NO;
				DEBUG_INFORMATION_FORMAT = dwarf;
				ENABLE_STRICT_OBJC_MSGSEND = YES;
				ENABLE_TESTABILITY = YES;
				GCC_C_LANGUAGE_STANDARD = gnu99;
				GCC_DYNAMIC_NO_PIC = NO;
				GCC_NO_COMMON_BLOCKS = YES;
				GCC_OPTIMIZATION_LEVEL = 0;
				GCC_PREPROCESSOR_DEFINITIONS = (
					"DEBUG=1",
					"$(inherited)",
				);
				GCC_WARN_64_TO_32_BIT_CONVERSION = YES;
				GCC_WARN_ABOUT_RETURN_TYPE = YES_ERROR;
				GCC_WARN_UNDECLARED_SELECTOR = YES;
				GCC_WARN_UNINITIALIZED_AUTOS = YES_AGGRESSIVE;
				GCC_WARN_UNUSED_FUNCTION = YES;
				GCC_WARN_UNUSED_VARIABLE = YES;
				IPHONEOS_DEPLOYMENT_TARGET = 9.0;
				MTL_ENABLE_DEBUG_INFO = YES;
				ONLY_ACTIVE_ARCH = YES;
				SDKROOT = iphoneos;
				SWIFT_OPTIMIZATION_LEVEL = "-Onone";
				TARGETED_DEVICE_FAMILY = "1,2";
			};
			name = Debug;
		};
		D028D3831BCD2AC40086AEF5 /* Release */ = {
			isa = XCBuildConfiguration;
			buildSettings = {
				ALWAYS_SEARCH_USER_PATHS = NO;
				CLANG_CXX_LANGUAGE_STANDARD = "gnu++0x";
				CLANG_CXX_LIBRARY = "libc++";
				CLANG_ENABLE_MODULES = YES;
				CLANG_ENABLE_OBJC_ARC = YES;
				CLANG_WARN_BOOL_CONVERSION = YES;
				CLANG_WARN_CONSTANT_CONVERSION = YES;
				CLANG_WARN_DIRECT_OBJC_ISA_USAGE = YES_ERROR;
				CLANG_WARN_EMPTY_BODY = YES;
				CLANG_WARN_ENUM_CONVERSION = YES;
				CLANG_WARN_INT_CONVERSION = YES;
				CLANG_WARN_OBJC_ROOT_CLASS = YES_ERROR;
				CLANG_WARN_UNREACHABLE_CODE = YES;
				CLANG_WARN__DUPLICATE_METHOD_MATCH = YES;
				"CODE_SIGN_IDENTITY[sdk=iphoneos*]" = "iPhone Developer";
				COPY_PHASE_STRIP = NO;
				DEBUG_INFORMATION_FORMAT = "dwarf-with-dsym";
				ENABLE_NS_ASSERTIONS = NO;
				ENABLE_STRICT_OBJC_MSGSEND = YES;
				GCC_C_LANGUAGE_STANDARD = gnu99;
				GCC_NO_COMMON_BLOCKS = YES;
				GCC_WARN_64_TO_32_BIT_CONVERSION = YES;
				GCC_WARN_ABOUT_RETURN_TYPE = YES_ERROR;
				GCC_WARN_UNDECLARED_SELECTOR = YES;
				GCC_WARN_UNINITIALIZED_AUTOS = YES_AGGRESSIVE;
				GCC_WARN_UNUSED_FUNCTION = YES;
				GCC_WARN_UNUSED_VARIABLE = YES;
				IPHONEOS_DEPLOYMENT_TARGET = 9.0;
				MTL_ENABLE_DEBUG_INFO = NO;
				SDKROOT = iphoneos;
				TARGETED_DEVICE_FAMILY = "1,2";
				VALIDATE_PRODUCT = YES;
			};
			name = Release;
		};
		D028D3851BCD2AC40086AEF5 /* Debug */ = {
			isa = XCBuildConfiguration;
			buildSettings = {
				ASSETCATALOG_COMPILER_APPICON_NAME = AppIcon;
				INFOPLIST_FILE = "MOB-Lesson-3/Info.plist";
				LD_RUNPATH_SEARCH_PATHS = "$(inherited) @executable_path/Frameworks";
				PRODUCT_BUNDLE_IDENTIFIER = "com.CG.MOB-Lesson-3";
				PRODUCT_NAME = "$(TARGET_NAME)";
			};
			name = Debug;
		};
		D028D3861BCD2AC40086AEF5 /* Release */ = {
			isa = XCBuildConfiguration;
			buildSettings = {
				ASSETCATALOG_COMPILER_APPICON_NAME = AppIcon;
				INFOPLIST_FILE = "MOB-Lesson-3/Info.plist";
				LD_RUNPATH_SEARCH_PATHS = "$(inherited) @executable_path/Frameworks";
				PRODUCT_BUNDLE_IDENTIFIER = "com.CG.MOB-Lesson-3";
				PRODUCT_NAME = "$(TARGET_NAME)";
			};
			name = Release;
		};
		D028D3881BCD2AC40086AEF5 /* Debug */ = {
			isa = XCBuildConfiguration;
			buildSettings = {
				BUNDLE_LOADER = "$(TEST_HOST)";
				INFOPLIST_FILE = "MOB-Lesson-3Tests/Info.plist";
				LD_RUNPATH_SEARCH_PATHS = "$(inherited) @executable_path/Frameworks @loader_path/Frameworks";
				PRODUCT_BUNDLE_IDENTIFIER = "com.CG.MOB-Lesson-3Tests";
				PRODUCT_NAME = "$(TARGET_NAME)";
				TEST_HOST = "$(BUILT_PRODUCTS_DIR)/MOB-Lesson-3.app/MOB-Lesson-3";
			};
			name = Debug;
		};
		D028D3891BCD2AC40086AEF5 /* Release */ = {
			isa = XCBuildConfiguration;
			buildSettings = {
				BUNDLE_LOADER = "$(TEST_HOST)";
				INFOPLIST_FILE = "MOB-Lesson-3Tests/Info.plist";
				LD_RUNPATH_SEARCH_PATHS = "$(inherited) @executable_path/Frameworks @loader_path/Frameworks";
				PRODUCT_BUNDLE_IDENTIFIER = "com.CG.MOB-Lesson-3Tests";
				PRODUCT_NAME = "$(TARGET_NAME)";
				TEST_HOST = "$(BUILT_PRODUCTS_DIR)/MOB-Lesson-3.app/MOB-Lesson-3";
			};
			name = Release;
		};
		D028D38B1BCD2AC40086AEF5 /* Debug */ = {
			isa = XCBuildConfiguration;
			buildSettings = {
				INFOPLIST_FILE = "MOB-Lesson-3UITests/Info.plist";
				LD_RUNPATH_SEARCH_PATHS = "$(inherited) @executable_path/Frameworks @loader_path/Frameworks";
				PRODUCT_BUNDLE_IDENTIFIER = "com.CG.MOB-Lesson-3UITests";
				PRODUCT_NAME = "$(TARGET_NAME)";
				TEST_TARGET_NAME = "MOB-Lesson-3";
				USES_XCTRUNNER = YES;
			};
			name = Debug;
		};
		D028D38C1BCD2AC40086AEF5 /* Release */ = {
			isa = XCBuildConfiguration;
			buildSettings = {
				INFOPLIST_FILE = "MOB-Lesson-3UITests/Info.plist";
				LD_RUNPATH_SEARCH_PATHS = "$(inherited) @executable_path/Frameworks @loader_path/Frameworks";
				PRODUCT_BUNDLE_IDENTIFIER = "com.CG.MOB-Lesson-3UITests";
				PRODUCT_NAME = "$(TARGET_NAME)";
				TEST_TARGET_NAME = "MOB-Lesson-3";
				USES_XCTRUNNER = YES;
			};
			name = Release;
		};
/* End XCBuildConfiguration section */

/* Begin XCConfigurationList section */
		D028D3571BCD2AC40086AEF5 /* Build configuration list for PBXProject "MOB-Lesson-3" */ = {
			isa = XCConfigurationList;
			buildConfigurations = (
				D028D3821BCD2AC40086AEF5 /* Debug */,
				D028D3831BCD2AC40086AEF5 /* Release */,
			);
			defaultConfigurationIsVisible = 0;
			defaultConfigurationName = Release;
		};
		D028D3841BCD2AC40086AEF5 /* Build configuration list for PBXNativeTarget "MOB-Lesson-3" */ = {
			isa = XCConfigurationList;
			buildConfigurations = (
				D028D3851BCD2AC40086AEF5 /* Debug */,
				D028D3861BCD2AC40086AEF5 /* Release */,
			);
			defaultConfigurationIsVisible = 0;
		};
		D028D3871BCD2AC40086AEF5 /* Build configuration list for PBXNativeTarget "MOB-Lesson-3Tests" */ = {
			isa = XCConfigurationList;
			buildConfigurations = (
				D028D3881BCD2AC40086AEF5 /* Debug */,
				D028D3891BCD2AC40086AEF5 /* Release */,
			);
			defaultConfigurationIsVisible = 0;
		};
		D028D38A1BCD2AC40086AEF5 /* Build configuration list for PBXNativeTarget "MOB-Lesson-3UITests" */ = {
			isa = XCConfigurationList;
			buildConfigurations = (
				D028D38B1BCD2AC40086AEF5 /* Debug */,
				D028D38C1BCD2AC40086AEF5 /* Release */,
			);
			defaultConfigurationIsVisible = 0;
		};
/* End XCConfigurationList section */
	};
	rootObject = D028D3541BCD2AC40086AEF5 /* Project object */;
}
