// !$*UTF8*$!
{
	archiveVersion = 1;
	classes = {
	};
	objectVersion = 46;
	objects = {

/* Begin PBXBuildFile section */
		D0B378FB1BD90A5600EE0D04 /* AppDelegate.swift in Sources */ = {isa = PBXBuildFile; fileRef = D0B378FA1BD90A5600EE0D04 /* AppDelegate.swift */; };
		D0B378FD1BD90A5600EE0D04 /* ViewController.swift in Sources */ = {isa = PBXBuildFile; fileRef = D0B378FC1BD90A5600EE0D04 /* ViewController.swift */; };
		D0B379001BD90A5600EE0D04 /* Main.storyboard in Resources */ = {isa = PBXBuildFile; fileRef = D0B378FE1BD90A5600EE0D04 /* Main.storyboard */; };
		D0B379021BD90A5600EE0D04 /* Assets.xcassets in Resources */ = {isa = PBXBuildFile; fileRef = D0B379011BD90A5600EE0D04 /* Assets.xcassets */; };
		D0B379051BD90A5600EE0D04 /* LaunchScreen.storyboard in Resources */ = {isa = PBXBuildFile; fileRef = D0B379031BD90A5600EE0D04 /* LaunchScreen.storyboard */; };
		D0B379101BD90A5700EE0D04 /* MOB_lesson6Tests.swift in Sources */ = {isa = PBXBuildFile; fileRef = D0B3790F1BD90A5700EE0D04 /* MOB_lesson6Tests.swift */; };
		D0B3791B1BD90A5700EE0D04 /* MOB_lesson6UITests.swift in Sources */ = {isa = PBXBuildFile; fileRef = D0B3791A1BD90A5700EE0D04 /* MOB_lesson6UITests.swift */; };
/* End PBXBuildFile section */

/* Begin PBXContainerItemProxy section */
		D0B3790C1BD90A5700EE0D04 /* PBXContainerItemProxy */ = {
			isa = PBXContainerItemProxy;
			containerPortal = D0B378EF1BD90A5600EE0D04 /* Project object */;
			proxyType = 1;
			remoteGlobalIDString = D0B378F61BD90A5600EE0D04;
			remoteInfo = "MOB-lesson6";
		};
		D0B379171BD90A5700EE0D04 /* PBXContainerItemProxy */ = {
			isa = PBXContainerItemProxy;
			containerPortal = D0B378EF1BD90A5600EE0D04 /* Project object */;
			proxyType = 1;
			remoteGlobalIDString = D0B378F61BD90A5600EE0D04;
			remoteInfo = "MOB-lesson6";
		};
/* End PBXContainerItemProxy section */

/* Begin PBXFileReference section */
		D0B378F71BD90A5600EE0D04 /* MOB-lesson6.app */ = {isa = PBXFileReference; explicitFileType = wrapper.application; includeInIndex = 0; path = "MOB-lesson6.app"; sourceTree = BUILT_PRODUCTS_DIR; };
		D0B378FA1BD90A5600EE0D04 /* AppDelegate.swift */ = {isa = PBXFileReference; lastKnownFileType = sourcecode.swift; path = AppDelegate.swift; sourceTree = "<group>"; };
		D0B378FC1BD90A5600EE0D04 /* ViewController.swift */ = {isa = PBXFileReference; lastKnownFileType = sourcecode.swift; path = ViewController.swift; sourceTree = "<group>"; };
		D0B378FF1BD90A5600EE0D04 /* Base */ = {isa = PBXFileReference; lastKnownFileType = file.storyboard; name = Base; path = Base.lproj/Main.storyboard; sourceTree = "<group>"; };
		D0B379011BD90A5600EE0D04 /* Assets.xcassets */ = {isa = PBXFileReference; lastKnownFileType = folder.assetcatalog; path = Assets.xcassets; sourceTree = "<group>"; };
		D0B379041BD90A5600EE0D04 /* Base */ = {isa = PBXFileReference; lastKnownFileType = file.storyboard; name = Base; path = Base.lproj/LaunchScreen.storyboard; sourceTree = "<group>"; };
		D0B379061BD90A5600EE0D04 /* Info.plist */ = {isa = PBXFileReference; lastKnownFileType = text.plist.xml; path = Info.plist; sourceTree = "<group>"; };
		D0B3790B1BD90A5700EE0D04 /* MOB-lesson6Tests.xctest */ = {isa = PBXFileReference; explicitFileType = wrapper.cfbundle; includeInIndex = 0; path = "MOB-lesson6Tests.xctest"; sourceTree = BUILT_PRODUCTS_DIR; };
		D0B3790F1BD90A5700EE0D04 /* MOB_lesson6Tests.swift */ = {isa = PBXFileReference; lastKnownFileType = sourcecode.swift; path = MOB_lesson6Tests.swift; sourceTree = "<group>"; };
		D0B379111BD90A5700EE0D04 /* Info.plist */ = {isa = PBXFileReference; lastKnownFileType = text.plist.xml; path = Info.plist; sourceTree = "<group>"; };
		D0B379161BD90A5700EE0D04 /* MOB-lesson6UITests.xctest */ = {isa = PBXFileReference; explicitFileType = wrapper.cfbundle; includeInIndex = 0; path = "MOB-lesson6UITests.xctest"; sourceTree = BUILT_PRODUCTS_DIR; };
		D0B3791A1BD90A5700EE0D04 /* MOB_lesson6UITests.swift */ = {isa = PBXFileReference; lastKnownFileType = sourcecode.swift; path = MOB_lesson6UITests.swift; sourceTree = "<group>"; };
		D0B3791C1BD90A5700EE0D04 /* Info.plist */ = {isa = PBXFileReference; lastKnownFileType = text.plist.xml; path = Info.plist; sourceTree = "<group>"; };
/* End PBXFileReference section */

/* Begin PBXFrameworksBuildPhase section */
		D0B378F41BD90A5600EE0D04 /* Frameworks */ = {
			isa = PBXFrameworksBuildPhase;
			buildActionMask = 2147483647;
			files = (
			);
			runOnlyForDeploymentPostprocessing = 0;
		};
		D0B379081BD90A5700EE0D04 /* Frameworks */ = {
			isa = PBXFrameworksBuildPhase;
			buildActionMask = 2147483647;
			files = (
			);
			runOnlyForDeploymentPostprocessing = 0;
		};
		D0B379131BD90A5700EE0D04 /* Frameworks */ = {
			isa = PBXFrameworksBuildPhase;
			buildActionMask = 2147483647;
			files = (
			);
			runOnlyForDeploymentPostprocessing = 0;
		};
/* End PBXFrameworksBuildPhase section */

/* Begin PBXGroup section */
		D0B378EE1BD90A5600EE0D04 = {
			isa = PBXGroup;
			children = (
				D0B378F91BD90A5600EE0D04 /* MOB-lesson6 */,
				D0B3790E1BD90A5700EE0D04 /* MOB-lesson6Tests */,
				D0B379191BD90A5700EE0D04 /* MOB-lesson6UITests */,
				D0B378F81BD90A5600EE0D04 /* Products */,
			);
			sourceTree = "<group>";
		};
		D0B378F81BD90A5600EE0D04 /* Products */ = {
			isa = PBXGroup;
			children = (
				D0B378F71BD90A5600EE0D04 /* MOB-lesson6.app */,
				D0B3790B1BD90A5700EE0D04 /* MOB-lesson6Tests.xctest */,
				D0B379161BD90A5700EE0D04 /* MOB-lesson6UITests.xctest */,
			);
			name = Products;
			sourceTree = "<group>";
		};
		D0B378F91BD90A5600EE0D04 /* MOB-lesson6 */ = {
			isa = PBXGroup;
			children = (
				D0B378FA1BD90A5600EE0D04 /* AppDelegate.swift */,
				D0B378FC1BD90A5600EE0D04 /* ViewController.swift */,
				D0B378FE1BD90A5600EE0D04 /* Main.storyboard */,
				D0B379011BD90A5600EE0D04 /* Assets.xcassets */,
				D0B379031BD90A5600EE0D04 /* LaunchScreen.storyboard */,
				D0B379061BD90A5600EE0D04 /* Info.plist */,
			);
			path = "MOB-lesson6";
			sourceTree = "<group>";
		};
		D0B3790E1BD90A5700EE0D04 /* MOB-lesson6Tests */ = {
			isa = PBXGroup;
			children = (
				D0B3790F1BD90A5700EE0D04 /* MOB_lesson6Tests.swift */,
				D0B379111BD90A5700EE0D04 /* Info.plist */,
			);
			path = "MOB-lesson6Tests";
			sourceTree = "<group>";
		};
		D0B379191BD90A5700EE0D04 /* MOB-lesson6UITests */ = {
			isa = PBXGroup;
			children = (
				D0B3791A1BD90A5700EE0D04 /* MOB_lesson6UITests.swift */,
				D0B3791C1BD90A5700EE0D04 /* Info.plist */,
			);
			path = "MOB-lesson6UITests";
			sourceTree = "<group>";
		};
/* End PBXGroup section */

/* Begin PBXNativeTarget section */
		D0B378F61BD90A5600EE0D04 /* MOB-lesson6 */ = {
			isa = PBXNativeTarget;
			buildConfigurationList = D0B3791F1BD90A5700EE0D04 /* Build configuration list for PBXNativeTarget "MOB-lesson6" */;
			buildPhases = (
				D0B378F31BD90A5600EE0D04 /* Sources */,
				D0B378F41BD90A5600EE0D04 /* Frameworks */,
				D0B378F51BD90A5600EE0D04 /* Resources */,
			);
			buildRules = (
			);
			dependencies = (
			);
			name = "MOB-lesson6";
			productName = "MOB-lesson6";
			productReference = D0B378F71BD90A5600EE0D04 /* MOB-lesson6.app */;
			productType = "com.apple.product-type.application";
		};
		D0B3790A1BD90A5700EE0D04 /* MOB-lesson6Tests */ = {
			isa = PBXNativeTarget;
			buildConfigurationList = D0B379221BD90A5700EE0D04 /* Build configuration list for PBXNativeTarget "MOB-lesson6Tests" */;
			buildPhases = (
				D0B379071BD90A5700EE0D04 /* Sources */,
				D0B379081BD90A5700EE0D04 /* Frameworks */,
				D0B379091BD90A5700EE0D04 /* Resources */,
			);
			buildRules = (
			);
			dependencies = (
				D0B3790D1BD90A5700EE0D04 /* PBXTargetDependency */,
			);
			name = "MOB-lesson6Tests";
			productName = "MOB-lesson6Tests";
			productReference = D0B3790B1BD90A5700EE0D04 /* MOB-lesson6Tests.xctest */;
			productType = "com.apple.product-type.bundle.unit-test";
		};
		D0B379151BD90A5700EE0D04 /* MOB-lesson6UITests */ = {
			isa = PBXNativeTarget;
			buildConfigurationList = D0B379251BD90A5700EE0D04 /* Build configuration list for PBXNativeTarget "MOB-lesson6UITests" */;
			buildPhases = (
				D0B379121BD90A5700EE0D04 /* Sources */,
				D0B379131BD90A5700EE0D04 /* Frameworks */,
				D0B379141BD90A5700EE0D04 /* Resources */,
			);
			buildRules = (
			);
			dependencies = (
				D0B379181BD90A5700EE0D04 /* PBXTargetDependency */,
			);
			name = "MOB-lesson6UITests";
			productName = "MOB-lesson6UITests";
			productReference = D0B379161BD90A5700EE0D04 /* MOB-lesson6UITests.xctest */;
			productType = "com.apple.product-type.bundle.ui-testing";
		};
/* End PBXNativeTarget section */

/* Begin PBXProject section */
		D0B378EF1BD90A5600EE0D04 /* Project object */ = {
			isa = PBXProject;
			attributes = {
				LastUpgradeCheck = 0700;
				ORGANIZATIONNAME = "Cyrille GOSSE";
				TargetAttributes = {
					D0B378F61BD90A5600EE0D04 = {
						CreatedOnToolsVersion = 7.0.1;
					};
					D0B3790A1BD90A5700EE0D04 = {
						CreatedOnToolsVersion = 7.0.1;
						TestTargetID = D0B378F61BD90A5600EE0D04;
					};
					D0B379151BD90A5700EE0D04 = {
						CreatedOnToolsVersion = 7.0.1;
						TestTargetID = D0B378F61BD90A5600EE0D04;
					};
				};
			};
			buildConfigurationList = D0B378F21BD90A5600EE0D04 /* Build configuration list for PBXProject "MOB-lesson6" */;
			compatibilityVersion = "Xcode 3.2";
			developmentRegion = English;
			hasScannedForEncodings = 0;
			knownRegions = (
				en,
				Base,
			);
			mainGroup = D0B378EE1BD90A5600EE0D04;
			productRefGroup = D0B378F81BD90A5600EE0D04 /* Products */;
			projectDirPath = "";
			projectRoot = "";
			targets = (
				D0B378F61BD90A5600EE0D04 /* MOB-lesson6 */,
				D0B3790A1BD90A5700EE0D04 /* MOB-lesson6Tests */,
				D0B379151BD90A5700EE0D04 /* MOB-lesson6UITests */,
			);
		};
/* End PBXProject section */

/* Begin PBXResourcesBuildPhase section */
		D0B378F51BD90A5600EE0D04 /* Resources */ = {
			isa = PBXResourcesBuildPhase;
			buildActionMask = 2147483647;
			files = (
				D0B379051BD90A5600EE0D04 /* LaunchScreen.storyboard in Resources */,
				D0B379021BD90A5600EE0D04 /* Assets.xcassets in Resources */,
				D0B379001BD90A5600EE0D04 /* Main.storyboard in Resources */,
			);
			runOnlyForDeploymentPostprocessing = 0;
		};
		D0B379091BD90A5700EE0D04 /* Resources */ = {
			isa = PBXResourcesBuildPhase;
			buildActionMask = 2147483647;
			files = (
			);
			runOnlyForDeploymentPostprocessing = 0;
		};
		D0B379141BD90A5700EE0D04 /* Resources */ = {
			isa = PBXResourcesBuildPhase;
			buildActionMask = 2147483647;
			files = (
			);
			runOnlyForDeploymentPostprocessing = 0;
		};
/* End PBXResourcesBuildPhase section */

/* Begin PBXSourcesBuildPhase section */
		D0B378F31BD90A5600EE0D04 /* Sources */ = {
			isa = PBXSourcesBuildPhase;
			buildActionMask = 2147483647;
			files = (
				D0B378FD1BD90A5600EE0D04 /* ViewController.swift in Sources */,
				D0B378FB1BD90A5600EE0D04 /* AppDelegate.swift in Sources */,
			);
			runOnlyForDeploymentPostprocessing = 0;
		};
		D0B379071BD90A5700EE0D04 /* Sources */ = {
			isa = PBXSourcesBuildPhase;
			buildActionMask = 2147483647;
			files = (
				D0B379101BD90A5700EE0D04 /* MOB_lesson6Tests.swift in Sources */,
			);
			runOnlyForDeploymentPostprocessing = 0;
		};
		D0B379121BD90A5700EE0D04 /* Sources */ = {
			isa = PBXSourcesBuildPhase;
			buildActionMask = 2147483647;
			files = (
				D0B3791B1BD90A5700EE0D04 /* MOB_lesson6UITests.swift in Sources */,
			);
			runOnlyForDeploymentPostprocessing = 0;
		};
/* End PBXSourcesBuildPhase section */

/* Begin PBXTargetDependency section */
		D0B3790D1BD90A5700EE0D04 /* PBXTargetDependency */ = {
			isa = PBXTargetDependency;
			target = D0B378F61BD90A5600EE0D04 /* MOB-lesson6 */;
			targetProxy = D0B3790C1BD90A5700EE0D04 /* PBXContainerItemProxy */;
		};
		D0B379181BD90A5700EE0D04 /* PBXTargetDependency */ = {
			isa = PBXTargetDependency;
			target = D0B378F61BD90A5600EE0D04 /* MOB-lesson6 */;
			targetProxy = D0B379171BD90A5700EE0D04 /* PBXContainerItemProxy */;
		};
/* End PBXTargetDependency section */

/* Begin PBXVariantGroup section */
		D0B378FE1BD90A5600EE0D04 /* Main.storyboard */ = {
			isa = PBXVariantGroup;
			children = (
				D0B378FF1BD90A5600EE0D04 /* Base */,
			);
			name = Main.storyboard;
			sourceTree = "<group>";
		};
		D0B379031BD90A5600EE0D04 /* LaunchScreen.storyboard */ = {
			isa = PBXVariantGroup;
			children = (
				D0B379041BD90A5600EE0D04 /* Base */,
			);
			name = LaunchScreen.storyboard;
			sourceTree = "<group>";
		};
/* End PBXVariantGroup section */

/* Begin XCBuildConfiguration section */
		D0B3791D1BD90A5700EE0D04 /* Debug */ = {
			isa = XCBuildConfiguration;
			buildSettings = {
				ALWAYS_SEARCH_USER_PATHS = NO;
				CLANG_CXX_LANGUAGE_STANDARD = "gnu++0x";
				CLANG_CXX_LIBRARY = "libc++";
				CLANG_ENABLE_MODULES = YES;
				CLANG_ENABLE_OBJC_ARC = YES;
				CLANG_WARN_BOOL_CONVERSION = YES;
				CLANG_WARN_CONSTANT_CONVERSION = YES;
				CLANG_WARN_DIRECT_OBJC_ISA_USAGE = YES_ERROR;
				CLANG_WARN_EMPTY_BODY = YES;
				CLANG_WARN_ENUM_CONVERSION = YES;
				CLANG_WARN_INT_CONVERSION = YES;
				CLANG_WARN_OBJC_ROOT_CLASS = YES_ERROR;
				CLANG_WARN_UNREACHABLE_CODE = YES;
				CLANG_WARN__DUPLICATE_METHOD_MATCH = YES;
				"CODE_SIGN_IDENTITY[sdk=iphoneos*]" = "iPhone Developer";
				COPY_PHASE_STRIP = NO;
				DEBUG_INFORMATION_FORMAT = dwarf;
				ENABLE_STRICT_OBJC_MSGSEND = YES;
				ENABLE_TESTABILITY = YES;
				GCC_C_LANGUAGE_STANDARD = gnu99;
				GCC_DYNAMIC_NO_PIC = NO;
				GCC_NO_COMMON_BLOCKS = YES;
				GCC_OPTIMIZATION_LEVEL = 0;
				GCC_PREPROCESSOR_DEFINITIONS = (
					"DEBUG=1",
					"$(inherited)",
				);
				GCC_WARN_64_TO_32_BIT_CONVERSION = YES;
				GCC_WARN_ABOUT_RETURN_TYPE = YES_ERROR;
				GCC_WARN_UNDECLARED_SELECTOR = YES;
				GCC_WARN_UNINITIALIZED_AUTOS = YES_AGGRESSIVE;
				GCC_WARN_UNUSED_FUNCTION = YES;
				GCC_WARN_UNUSED_VARIABLE = YES;
				IPHONEOS_DEPLOYMENT_TARGET = 9.0;
				MTL_ENABLE_DEBUG_INFO = YES;
				ONLY_ACTIVE_ARCH = YES;
				SDKROOT = iphoneos;
				SWIFT_OPTIMIZATION_LEVEL = "-Onone";
			};
			name = Debug;
		};
		D0B3791E1BD90A5700EE0D04 /* Release */ = {
			isa = XCBuildConfiguration;
			buildSettings = {
				ALWAYS_SEARCH_USER_PATHS = NO;
				CLANG_CXX_LANGUAGE_STANDARD = "gnu++0x";
				CLANG_CXX_LIBRARY = "libc++";
				CLANG_ENABLE_MODULES = YES;
				CLANG_ENABLE_OBJC_ARC = YES;
				CLANG_WARN_BOOL_CONVERSION = YES;
				CLANG_WARN_CONSTANT_CONVERSION = YES;
				CLANG_WARN_DIRECT_OBJC_ISA_USAGE = YES_ERROR;
				CLANG_WARN_EMPTY_BODY = YES;
				CLANG_WARN_ENUM_CONVERSION = YES;
				CLANG_WARN_INT_CONVERSION = YES;
				CLANG_WARN_OBJC_ROOT_CLASS = YES_ERROR;
				CLANG_WARN_UNREACHABLE_CODE = YES;
				CLANG_WARN__DUPLICATE_METHOD_MATCH = YES;
				"CODE_SIGN_IDENTITY[sdk=iphoneos*]" = "iPhone Developer";
				COPY_PHASE_STRIP = NO;
				DEBUG_INFORMATION_FORMAT = "dwarf-with-dsym";
				ENABLE_NS_ASSERTIONS = NO;
				ENABLE_STRICT_OBJC_MSGSEND = YES;
				GCC_C_LANGUAGE_STANDARD = gnu99;
				GCC_NO_COMMON_BLOCKS = YES;
				GCC_WARN_64_TO_32_BIT_CONVERSION = YES;
				GCC_WARN_ABOUT_RETURN_TYPE = YES_ERROR;
				GCC_WARN_UNDECLARED_SELECTOR = YES;
				GCC_WARN_UNINITIALIZED_AUTOS = YES_AGGRESSIVE;
				GCC_WARN_UNUSED_FUNCTION = YES;
				GCC_WARN_UNUSED_VARIABLE = YES;
				IPHONEOS_DEPLOYMENT_TARGET = 9.0;
				MTL_ENABLE_DEBUG_INFO = NO;
				SDKROOT = iphoneos;
				VALIDATE_PRODUCT = YES;
			};
			name = Release;
		};
		D0B379201BD90A5700EE0D04 /* Debug */ = {
			isa = XCBuildConfiguration;
			buildSettings = {
				ASSETCATALOG_COMPILER_APPICON_NAME = AppIcon;
				INFOPLIST_FILE = "MOB-lesson6/Info.plist";
				LD_RUNPATH_SEARCH_PATHS = "$(inherited) @executable_path/Frameworks";
				PRODUCT_BUNDLE_IDENTIFIER = "com.CG.MOB-lesson6";
				PRODUCT_NAME = "$(TARGET_NAME)";
			};
			name = Debug;
		};
		D0B379211BD90A5700EE0D04 /* Release */ = {
			isa = XCBuildConfiguration;
			buildSettings = {
				ASSETCATALOG_COMPILER_APPICON_NAME = AppIcon;
				INFOPLIST_FILE = "MOB-lesson6/Info.plist";
				LD_RUNPATH_SEARCH_PATHS = "$(inherited) @executable_path/Frameworks";
				PRODUCT_BUNDLE_IDENTIFIER = "com.CG.MOB-lesson6";
				PRODUCT_NAME = "$(TARGET_NAME)";
			};
			name = Release;
		};
		D0B379231BD90A5700EE0D04 /* Debug */ = {
			isa = XCBuildConfiguration;
			buildSettings = {
				BUNDLE_LOADER = "$(TEST_HOST)";
				INFOPLIST_FILE = "MOB-lesson6Tests/Info.plist";
				LD_RUNPATH_SEARCH_PATHS = "$(inherited) @executable_path/Frameworks @loader_path/Frameworks";
				PRODUCT_BUNDLE_IDENTIFIER = "com.CG.MOB-lesson6Tests";
				PRODUCT_NAME = "$(TARGET_NAME)";
				TEST_HOST = "$(BUILT_PRODUCTS_DIR)/MOB-lesson6.app/MOB-lesson6";
			};
			name = Debug;
		};
		D0B379241BD90A5700EE0D04 /* Release */ = {
			isa = XCBuildConfiguration;
			buildSettings = {
				BUNDLE_LOADER = "$(TEST_HOST)";
				INFOPLIST_FILE = "MOB-lesson6Tests/Info.plist";
				LD_RUNPATH_SEARCH_PATHS = "$(inherited) @executable_path/Frameworks @loader_path/Frameworks";
				PRODUCT_BUNDLE_IDENTIFIER = "com.CG.MOB-lesson6Tests";
				PRODUCT_NAME = "$(TARGET_NAME)";
				TEST_HOST = "$(BUILT_PRODUCTS_DIR)/MOB-lesson6.app/MOB-lesson6";
			};
			name = Release;
		};
		D0B379261BD90A5700EE0D04 /* Debug */ = {
			isa = XCBuildConfiguration;
			buildSettings = {
				INFOPLIST_FILE = "MOB-lesson6UITests/Info.plist";
				LD_RUNPATH_SEARCH_PATHS = "$(inherited) @executable_path/Frameworks @loader_path/Frameworks";
				PRODUCT_BUNDLE_IDENTIFIER = "com.CG.MOB-lesson6UITests";
				PRODUCT_NAME = "$(TARGET_NAME)";
				TEST_TARGET_NAME = "MOB-lesson6";
				USES_XCTRUNNER = YES;
			};
			name = Debug;
		};
		D0B379271BD90A5700EE0D04 /* Release */ = {
			isa = XCBuildConfiguration;
			buildSettings = {
				INFOPLIST_FILE = "MOB-lesson6UITests/Info.plist";
				LD_RUNPATH_SEARCH_PATHS = "$(inherited) @executable_path/Frameworks @loader_path/Frameworks";
				PRODUCT_BUNDLE_IDENTIFIER = "com.CG.MOB-lesson6UITests";
				PRODUCT_NAME = "$(TARGET_NAME)";
				TEST_TARGET_NAME = "MOB-lesson6";
				USES_XCTRUNNER = YES;
			};
			name = Release;
		};
/* End XCBuildConfiguration section */

/* Begin XCConfigurationList section */
		D0B378F21BD90A5600EE0D04 /* Build configuration list for PBXProject "MOB-lesson6" */ = {
			isa = XCConfigurationList;
			buildConfigurations = (
				D0B3791D1BD90A5700EE0D04 /* Debug */,
				D0B3791E1BD90A5700EE0D04 /* Release */,
			);
			defaultConfigurationIsVisible = 0;
			defaultConfigurationName = Release;
		};
		D0B3791F1BD90A5700EE0D04 /* Build configuration list for PBXNativeTarget "MOB-lesson6" */ = {
			isa = XCConfigurationList;
			buildConfigurations = (
				D0B379201BD90A5700EE0D04 /* Debug */,
				D0B379211BD90A5700EE0D04 /* Release */,
			);
			defaultConfigurationIsVisible = 0;
		};
		D0B379221BD90A5700EE0D04 /* Build configuration list for PBXNativeTarget "MOB-lesson6Tests" */ = {
			isa = XCConfigurationList;
			buildConfigurations = (
				D0B379231BD90A5700EE0D04 /* Debug */,
				D0B379241BD90A5700EE0D04 /* Release */,
			);
			defaultConfigurationIsVisible = 0;
		};
		D0B379251BD90A5700EE0D04 /* Build configuration list for PBXNativeTarget "MOB-lesson6UITests" */ = {
			isa = XCConfigurationList;
			buildConfigurations = (
				D0B379261BD90A5700EE0D04 /* Debug */,
				D0B379271BD90A5700EE0D04 /* Release */,
			);
			defaultConfigurationIsVisible = 0;
		};
/* End XCConfigurationList section */
	};
	rootObject = D0B378EF1BD90A5600EE0D04 /* Project object */;
}
