// !$*UTF8*$!
{
	archiveVersion = 1;
	classes = {
	};
	objectVersion = 46;
	objects = {

/* Begin PBXBuildFile section */
		D028D3261BC6BB8B0086AEF5 /* AppDelegate.swift in Sources */ = {isa = PBXBuildFile; fileRef = D028D3251BC6BB8B0086AEF5 /* AppDelegate.swift */; };
		D028D3281BC6BB8B0086AEF5 /* ViewController.swift in Sources */ = {isa = PBXBuildFile; fileRef = D028D3271BC6BB8B0086AEF5 /* ViewController.swift */; };
		D028D32B1BC6BB8B0086AEF5 /* Main.storyboard in Resources */ = {isa = PBXBuildFile; fileRef = D028D3291BC6BB8B0086AEF5 /* Main.storyboard */; };
		D028D32D1BC6BB8B0086AEF5 /* Assets.xcassets in Resources */ = {isa = PBXBuildFile; fileRef = D028D32C1BC6BB8B0086AEF5 /* Assets.xcassets */; };
		D028D3301BC6BB8B0086AEF5 /* LaunchScreen.storyboard in Resources */ = {isa = PBXBuildFile; fileRef = D028D32E1BC6BB8B0086AEF5 /* LaunchScreen.storyboard */; };
		D028D33B1BC6BB8B0086AEF5 /* MOB_TESTTests.swift in Sources */ = {isa = PBXBuildFile; fileRef = D028D33A1BC6BB8B0086AEF5 /* MOB_TESTTests.swift */; };
		D028D3461BC6BB8B0086AEF5 /* MOB_TESTUITests.swift in Sources */ = {isa = PBXBuildFile; fileRef = D028D3451BC6BB8B0086AEF5 /* MOB_TESTUITests.swift */; };
/* End PBXBuildFile section */

/* Begin PBXContainerItemProxy section */
		D028D3371BC6BB8B0086AEF5 /* PBXContainerItemProxy */ = {
			isa = PBXContainerItemProxy;
			containerPortal = D028D31A1BC6BB8B0086AEF5 /* Project object */;
			proxyType = 1;
			remoteGlobalIDString = D028D3211BC6BB8B0086AEF5;
			remoteInfo = "MOB-TEST";
		};
		D028D3421BC6BB8B0086AEF5 /* PBXContainerItemProxy */ = {
			isa = PBXContainerItemProxy;
			containerPortal = D028D31A1BC6BB8B0086AEF5 /* Project object */;
			proxyType = 1;
			remoteGlobalIDString = D028D3211BC6BB8B0086AEF5;
			remoteInfo = "MOB-TEST";
		};
/* End PBXContainerItemProxy section */

/* Begin PBXFileReference section */
		D028D3221BC6BB8B0086AEF5 /* MOB-TEST.app */ = {isa = PBXFileReference; explicitFileType = wrapper.application; includeInIndex = 0; path = "MOB-TEST.app"; sourceTree = BUILT_PRODUCTS_DIR; };
		D028D3251BC6BB8B0086AEF5 /* AppDelegate.swift */ = {isa = PBXFileReference; lastKnownFileType = sourcecode.swift; path = AppDelegate.swift; sourceTree = "<group>"; };
		D028D3271BC6BB8B0086AEF5 /* ViewController.swift */ = {isa = PBXFileReference; lastKnownFileType = sourcecode.swift; path = ViewController.swift; sourceTree = "<group>"; };
		D028D32A1BC6BB8B0086AEF5 /* Base */ = {isa = PBXFileReference; lastKnownFileType = file.storyboard; name = Base; path = Base.lproj/Main.storyboard; sourceTree = "<group>"; };
		D028D32C1BC6BB8B0086AEF5 /* Assets.xcassets */ = {isa = PBXFileReference; lastKnownFileType = folder.assetcatalog; path = Assets.xcassets; sourceTree = "<group>"; };
		D028D32F1BC6BB8B0086AEF5 /* Base */ = {isa = PBXFileReference; lastKnownFileType = file.storyboard; name = Base; path = Base.lproj/LaunchScreen.storyboard; sourceTree = "<group>"; };
		D028D3311BC6BB8B0086AEF5 /* Info.plist */ = {isa = PBXFileReference; lastKnownFileType = text.plist.xml; path = Info.plist; sourceTree = "<group>"; };
		D028D3361BC6BB8B0086AEF5 /* MOB-TESTTests.xctest */ = {isa = PBXFileReference; explicitFileType = wrapper.cfbundle; includeInIndex = 0; path = "MOB-TESTTests.xctest"; sourceTree = BUILT_PRODUCTS_DIR; };
		D028D33A1BC6BB8B0086AEF5 /* MOB_TESTTests.swift */ = {isa = PBXFileReference; lastKnownFileType = sourcecode.swift; path = MOB_TESTTests.swift; sourceTree = "<group>"; };
		D028D33C1BC6BB8B0086AEF5 /* Info.plist */ = {isa = PBXFileReference; lastKnownFileType = text.plist.xml; path = Info.plist; sourceTree = "<group>"; };
		D028D3411BC6BB8B0086AEF5 /* MOB-TESTUITests.xctest */ = {isa = PBXFileReference; explicitFileType = wrapper.cfbundle; includeInIndex = 0; path = "MOB-TESTUITests.xctest"; sourceTree = BUILT_PRODUCTS_DIR; };
		D028D3451BC6BB8B0086AEF5 /* MOB_TESTUITests.swift */ = {isa = PBXFileReference; lastKnownFileType = sourcecode.swift; path = MOB_TESTUITests.swift; sourceTree = "<group>"; };
		D028D3471BC6BB8B0086AEF5 /* Info.plist */ = {isa = PBXFileReference; lastKnownFileType = text.plist.xml; path = Info.plist; sourceTree = "<group>"; };
/* End PBXFileReference section */

/* Begin PBXFrameworksBuildPhase section */
		D028D31F1BC6BB8B0086AEF5 /* Frameworks */ = {
			isa = PBXFrameworksBuildPhase;
			buildActionMask = 2147483647;
			files = (
			);
			runOnlyForDeploymentPostprocessing = 0;
		};
		D028D3331BC6BB8B0086AEF5 /* Frameworks */ = {
			isa = PBXFrameworksBuildPhase;
			buildActionMask = 2147483647;
			files = (
			);
			runOnlyForDeploymentPostprocessing = 0;
		};
		D028D33E1BC6BB8B0086AEF5 /* Frameworks */ = {
			isa = PBXFrameworksBuildPhase;
			buildActionMask = 2147483647;
			files = (
			);
			runOnlyForDeploymentPostprocessing = 0;
		};
/* End PBXFrameworksBuildPhase section */

/* Begin PBXGroup section */
		D028D3191BC6BB8B0086AEF5 = {
			isa = PBXGroup;
			children = (
				D028D3241BC6BB8B0086AEF5 /* MOB-TEST */,
				D028D3391BC6BB8B0086AEF5 /* MOB-TESTTests */,
				D028D3441BC6BB8B0086AEF5 /* MOB-TESTUITests */,
				D028D3231BC6BB8B0086AEF5 /* Products */,
			);
			sourceTree = "<group>";
		};
		D028D3231BC6BB8B0086AEF5 /* Products */ = {
			isa = PBXGroup;
			children = (
				D028D3221BC6BB8B0086AEF5 /* MOB-TEST.app */,
				D028D3361BC6BB8B0086AEF5 /* MOB-TESTTests.xctest */,
				D028D3411BC6BB8B0086AEF5 /* MOB-TESTUITests.xctest */,
			);
			name = Products;
			sourceTree = "<group>";
		};
		D028D3241BC6BB8B0086AEF5 /* MOB-TEST */ = {
			isa = PBXGroup;
			children = (
				D028D3251BC6BB8B0086AEF5 /* AppDelegate.swift */,
				D028D3271BC6BB8B0086AEF5 /* ViewController.swift */,
				D028D3291BC6BB8B0086AEF5 /* Main.storyboard */,
				D028D32C1BC6BB8B0086AEF5 /* Assets.xcassets */,
				D028D32E1BC6BB8B0086AEF5 /* LaunchScreen.storyboard */,
				D028D3311BC6BB8B0086AEF5 /* Info.plist */,
			);
			path = "MOB-TEST";
			sourceTree = "<group>";
		};
		D028D3391BC6BB8B0086AEF5 /* MOB-TESTTests */ = {
			isa = PBXGroup;
			children = (
				D028D33A1BC6BB8B0086AEF5 /* MOB_TESTTests.swift */,
				D028D33C1BC6BB8B0086AEF5 /* Info.plist */,
			);
			path = "MOB-TESTTests";
			sourceTree = "<group>";
		};
		D028D3441BC6BB8B0086AEF5 /* MOB-TESTUITests */ = {
			isa = PBXGroup;
			children = (
				D028D3451BC6BB8B0086AEF5 /* MOB_TESTUITests.swift */,
				D028D3471BC6BB8B0086AEF5 /* Info.plist */,
			);
			path = "MOB-TESTUITests";
			sourceTree = "<group>";
		};
/* End PBXGroup section */

/* Begin PBXNativeTarget section */
		D028D3211BC6BB8B0086AEF5 /* MOB-TEST */ = {
			isa = PBXNativeTarget;
			buildConfigurationList = D028D34A1BC6BB8B0086AEF5 /* Build configuration list for PBXNativeTarget "MOB-TEST" */;
			buildPhases = (
				D028D31E1BC6BB8B0086AEF5 /* Sources */,
				D028D31F1BC6BB8B0086AEF5 /* Frameworks */,
				D028D3201BC6BB8B0086AEF5 /* Resources */,
			);
			buildRules = (
			);
			dependencies = (
			);
			name = "MOB-TEST";
			productName = "MOB-TEST";
			productReference = D028D3221BC6BB8B0086AEF5 /* MOB-TEST.app */;
			productType = "com.apple.product-type.application";
		};
		D028D3351BC6BB8B0086AEF5 /* MOB-TESTTests */ = {
			isa = PBXNativeTarget;
			buildConfigurationList = D028D34D1BC6BB8B0086AEF5 /* Build configuration list for PBXNativeTarget "MOB-TESTTests" */;
			buildPhases = (
				D028D3321BC6BB8B0086AEF5 /* Sources */,
				D028D3331BC6BB8B0086AEF5 /* Frameworks */,
				D028D3341BC6BB8B0086AEF5 /* Resources */,
			);
			buildRules = (
			);
			dependencies = (
				D028D3381BC6BB8B0086AEF5 /* PBXTargetDependency */,
			);
			name = "MOB-TESTTests";
			productName = "MOB-TESTTests";
			productReference = D028D3361BC6BB8B0086AEF5 /* MOB-TESTTests.xctest */;
			productType = "com.apple.product-type.bundle.unit-test";
		};
		D028D3401BC6BB8B0086AEF5 /* MOB-TESTUITests */ = {
			isa = PBXNativeTarget;
			buildConfigurationList = D028D3501BC6BB8B0086AEF5 /* Build configuration list for PBXNativeTarget "MOB-TESTUITests" */;
			buildPhases = (
				D028D33D1BC6BB8B0086AEF5 /* Sources */,
				D028D33E1BC6BB8B0086AEF5 /* Frameworks */,
				D028D33F1BC6BB8B0086AEF5 /* Resources */,
			);
			buildRules = (
			);
			dependencies = (
				D028D3431BC6BB8B0086AEF5 /* PBXTargetDependency */,
			);
			name = "MOB-TESTUITests";
			productName = "MOB-TESTUITests";
			productReference = D028D3411BC6BB8B0086AEF5 /* MOB-TESTUITests.xctest */;
			productType = "com.apple.product-type.bundle.ui-testing";
		};
/* End PBXNativeTarget section */

/* Begin PBXProject section */
		D028D31A1BC6BB8B0086AEF5 /* Project object */ = {
			isa = PBXProject;
			attributes = {
				LastUpgradeCheck = 0700;
				ORGANIZATIONNAME = "Cyrille GOSSE";
				TargetAttributes = {
					D028D3211BC6BB8B0086AEF5 = {
						CreatedOnToolsVersion = 7.0.1;
					};
					D028D3351BC6BB8B0086AEF5 = {
						CreatedOnToolsVersion = 7.0.1;
						TestTargetID = D028D3211BC6BB8B0086AEF5;
					};
					D028D3401BC6BB8B0086AEF5 = {
						CreatedOnToolsVersion = 7.0.1;
						TestTargetID = D028D3211BC6BB8B0086AEF5;
					};
				};
			};
			buildConfigurationList = D028D31D1BC6BB8B0086AEF5 /* Build configuration list for PBXProject "MOB-TEST" */;
			compatibilityVersion = "Xcode 3.2";
			developmentRegion = English;
			hasScannedForEncodings = 0;
			knownRegions = (
				en,
				Base,
			);
			mainGroup = D028D3191BC6BB8B0086AEF5;
			productRefGroup = D028D3231BC6BB8B0086AEF5 /* Products */;
			projectDirPath = "";
			projectRoot = "";
			targets = (
				D028D3211BC6BB8B0086AEF5 /* MOB-TEST */,
				D028D3351BC6BB8B0086AEF5 /* MOB-TESTTests */,
				D028D3401BC6BB8B0086AEF5 /* MOB-TESTUITests */,
			);
		};
/* End PBXProject section */

/* Begin PBXResourcesBuildPhase section */
		D028D3201BC6BB8B0086AEF5 /* Resources */ = {
			isa = PBXResourcesBuildPhase;
			buildActionMask = 2147483647;
			files = (
				D028D3301BC6BB8B0086AEF5 /* LaunchScreen.storyboard in Resources */,
				D028D32D1BC6BB8B0086AEF5 /* Assets.xcassets in Resources */,
				D028D32B1BC6BB8B0086AEF5 /* Main.storyboard in Resources */,
			);
			runOnlyForDeploymentPostprocessing = 0;
		};
		D028D3341BC6BB8B0086AEF5 /* Resources */ = {
			isa = PBXResourcesBuildPhase;
			buildActionMask = 2147483647;
			files = (
			);
			runOnlyForDeploymentPostprocessing = 0;
		};
		D028D33F1BC6BB8B0086AEF5 /* Resources */ = {
			isa = PBXResourcesBuildPhase;
			buildActionMask = 2147483647;
			files = (
			);
			runOnlyForDeploymentPostprocessing = 0;
		};
/* End PBXResourcesBuildPhase section */

/* Begin PBXSourcesBuildPhase section */
		D028D31E1BC6BB8B0086AEF5 /* Sources */ = {
			isa = PBXSourcesBuildPhase;
			buildActionMask = 2147483647;
			files = (
				D028D3281BC6BB8B0086AEF5 /* ViewController.swift in Sources */,
				D028D3261BC6BB8B0086AEF5 /* AppDelegate.swift in Sources */,
			);
			runOnlyForDeploymentPostprocessing = 0;
		};
		D028D3321BC6BB8B0086AEF5 /* Sources */ = {
			isa = PBXSourcesBuildPhase;
			buildActionMask = 2147483647;
			files = (
				D028D33B1BC6BB8B0086AEF5 /* MOB_TESTTests.swift in Sources */,
			);
			runOnlyForDeploymentPostprocessing = 0;
		};
		D028D33D1BC6BB8B0086AEF5 /* Sources */ = {
			isa = PBXSourcesBuildPhase;
			buildActionMask = 2147483647;
			files = (
				D028D3461BC6BB8B0086AEF5 /* MOB_TESTUITests.swift in Sources */,
			);
			runOnlyForDeploymentPostprocessing = 0;
		};
/* End PBXSourcesBuildPhase section */

/* Begin PBXTargetDependency section */
		D028D3381BC6BB8B0086AEF5 /* PBXTargetDependency */ = {
			isa = PBXTargetDependency;
			target = D028D3211BC6BB8B0086AEF5 /* MOB-TEST */;
			targetProxy = D028D3371BC6BB8B0086AEF5 /* PBXContainerItemProxy */;
		};
		D028D3431BC6BB8B0086AEF5 /* PBXTargetDependency */ = {
			isa = PBXTargetDependency;
			target = D028D3211BC6BB8B0086AEF5 /* MOB-TEST */;
			targetProxy = D028D3421BC6BB8B0086AEF5 /* PBXContainerItemProxy */;
		};
/* End PBXTargetDependency section */

/* Begin PBXVariantGroup section */
		D028D3291BC6BB8B0086AEF5 /* Main.storyboard */ = {
			isa = PBXVariantGroup;
			children = (
				D028D32A1BC6BB8B0086AEF5 /* Base */,
			);
			name = Main.storyboard;
			sourceTree = "<group>";
		};
		D028D32E1BC6BB8B0086AEF5 /* LaunchScreen.storyboard */ = {
			isa = PBXVariantGroup;
			children = (
				D028D32F1BC6BB8B0086AEF5 /* Base */,
			);
			name = LaunchScreen.storyboard;
			sourceTree = "<group>";
		};
/* End PBXVariantGroup section */

/* Begin XCBuildConfiguration section */
		D028D3481BC6BB8B0086AEF5 /* Debug */ = {
			isa = XCBuildConfiguration;
			buildSettings = {
				ALWAYS_SEARCH_USER_PATHS = NO;
				CLANG_CXX_LANGUAGE_STANDARD = "gnu++0x";
				CLANG_CXX_LIBRARY = "libc++";
				CLANG_ENABLE_MODULES = YES;
				CLANG_ENABLE_OBJC_ARC = YES;
				CLANG_WARN_BOOL_CONVERSION = YES;
				CLANG_WARN_CONSTANT_CONVERSION = YES;
				CLANG_WARN_DIRECT_OBJC_ISA_USAGE = YES_ERROR;
				CLANG_WARN_EMPTY_BODY = YES;
				CLANG_WARN_ENUM_CONVERSION = YES;
				CLANG_WARN_INT_CONVERSION = YES;
				CLANG_WARN_OBJC_ROOT_CLASS = YES_ERROR;
				CLANG_WARN_UNREACHABLE_CODE = YES;
				CLANG_WARN__DUPLICATE_METHOD_MATCH = YES;
				"CODE_SIGN_IDENTITY[sdk=iphoneos*]" = "iPhone Developer";
				COPY_PHASE_STRIP = NO;
				DEBUG_INFORMATION_FORMAT = dwarf;
				ENABLE_STRICT_OBJC_MSGSEND = YES;
				ENABLE_TESTABILITY = YES;
				GCC_C_LANGUAGE_STANDARD = gnu99;
				GCC_DYNAMIC_NO_PIC = NO;
				GCC_NO_COMMON_BLOCKS = YES;
				GCC_OPTIMIZATION_LEVEL = 0;
				GCC_PREPROCESSOR_DEFINITIONS = (
					"DEBUG=1",
					"$(inherited)",
				);
				GCC_WARN_64_TO_32_BIT_CONVERSION = YES;
				GCC_WARN_ABOUT_RETURN_TYPE = YES_ERROR;
				GCC_WARN_UNDECLARED_SELECTOR = YES;
				GCC_WARN_UNINITIALIZED_AUTOS = YES_AGGRESSIVE;
				GCC_WARN_UNUSED_FUNCTION = YES;
				GCC_WARN_UNUSED_VARIABLE = YES;
				IPHONEOS_DEPLOYMENT_TARGET = 9.0;
				MTL_ENABLE_DEBUG_INFO = YES;
				ONLY_ACTIVE_ARCH = YES;
				SDKROOT = iphoneos;
				SWIFT_OPTIMIZATION_LEVEL = "-Onone";
				TARGETED_DEVICE_FAMILY = "1,2";
			};
			name = Debug;
		};
		D028D3491BC6BB8B0086AEF5 /* Release */ = {
			isa = XCBuildConfiguration;
			buildSettings = {
				ALWAYS_SEARCH_USER_PATHS = NO;
				CLANG_CXX_LANGUAGE_STANDARD = "gnu++0x";
				CLANG_CXX_LIBRARY = "libc++";
				CLANG_ENABLE_MODULES = YES;
				CLANG_ENABLE_OBJC_ARC = YES;
				CLANG_WARN_BOOL_CONVERSION = YES;
				CLANG_WARN_CONSTANT_CONVERSION = YES;
				CLANG_WARN_DIRECT_OBJC_ISA_USAGE = YES_ERROR;
				CLANG_WARN_EMPTY_BODY = YES;
				CLANG_WARN_ENUM_CONVERSION = YES;
				CLANG_WARN_INT_CONVERSION = YES;
				CLANG_WARN_OBJC_ROOT_CLASS = YES_ERROR;
				CLANG_WARN_UNREACHABLE_CODE = YES;
				CLANG_WARN__DUPLICATE_METHOD_MATCH = YES;
				"CODE_SIGN_IDENTITY[sdk=iphoneos*]" = "iPhone Developer";
				COPY_PHASE_STRIP = NO;
				DEBUG_INFORMATION_FORMAT = "dwarf-with-dsym";
				ENABLE_NS_ASSERTIONS = NO;
				ENABLE_STRICT_OBJC_MSGSEND = YES;
				GCC_C_LANGUAGE_STANDARD = gnu99;
				GCC_NO_COMMON_BLOCKS = YES;
				GCC_WARN_64_TO_32_BIT_CONVERSION = YES;
				GCC_WARN_ABOUT_RETURN_TYPE = YES_ERROR;
				GCC_WARN_UNDECLARED_SELECTOR = YES;
				GCC_WARN_UNINITIALIZED_AUTOS = YES_AGGRESSIVE;
				GCC_WARN_UNUSED_FUNCTION = YES;
				GCC_WARN_UNUSED_VARIABLE = YES;
				IPHONEOS_DEPLOYMENT_TARGET = 9.0;
				MTL_ENABLE_DEBUG_INFO = NO;
				SDKROOT = iphoneos;
				TARGETED_DEVICE_FAMILY = "1,2";
				VALIDATE_PRODUCT = YES;
			};
			name = Release;
		};
		D028D34B1BC6BB8B0086AEF5 /* Debug */ = {
			isa = XCBuildConfiguration;
			buildSettings = {
				ASSETCATALOG_COMPILER_APPICON_NAME = AppIcon;
				INFOPLIST_FILE = "MOB-TEST/Info.plist";
				LD_RUNPATH_SEARCH_PATHS = "$(inherited) @executable_path/Frameworks";
				PRODUCT_BUNDLE_IDENTIFIER = "com.CG.MOB-TEST";
				PRODUCT_NAME = "$(TARGET_NAME)";
			};
			name = Debug;
		};
		D028D34C1BC6BB8B0086AEF5 /* Release */ = {
			isa = XCBuildConfiguration;
			buildSettings = {
				ASSETCATALOG_COMPILER_APPICON_NAME = AppIcon;
				INFOPLIST_FILE = "MOB-TEST/Info.plist";
				LD_RUNPATH_SEARCH_PATHS = "$(inherited) @executable_path/Frameworks";
				PRODUCT_BUNDLE_IDENTIFIER = "com.CG.MOB-TEST";
				PRODUCT_NAME = "$(TARGET_NAME)";
			};
			name = Release;
		};
		D028D34E1BC6BB8B0086AEF5 /* Debug */ = {
			isa = XCBuildConfiguration;
			buildSettings = {
				BUNDLE_LOADER = "$(TEST_HOST)";
				INFOPLIST_FILE = "MOB-TESTTests/Info.plist";
				LD_RUNPATH_SEARCH_PATHS = "$(inherited) @executable_path/Frameworks @loader_path/Frameworks";
				PRODUCT_BUNDLE_IDENTIFIER = "com.CG.MOB-TESTTests";
				PRODUCT_NAME = "$(TARGET_NAME)";
				TEST_HOST = "$(BUILT_PRODUCTS_DIR)/MOB-TEST.app/MOB-TEST";
			};
			name = Debug;
		};
		D028D34F1BC6BB8B0086AEF5 /* Release */ = {
			isa = XCBuildConfiguration;
			buildSettings = {
				BUNDLE_LOADER = "$(TEST_HOST)";
				INFOPLIST_FILE = "MOB-TESTTests/Info.plist";
				LD_RUNPATH_SEARCH_PATHS = "$(inherited) @executable_path/Frameworks @loader_path/Frameworks";
				PRODUCT_BUNDLE_IDENTIFIER = "com.CG.MOB-TESTTests";
				PRODUCT_NAME = "$(TARGET_NAME)";
				TEST_HOST = "$(BUILT_PRODUCTS_DIR)/MOB-TEST.app/MOB-TEST";
			};
			name = Release;
		};
		D028D3511BC6BB8B0086AEF5 /* Debug */ = {
			isa = XCBuildConfiguration;
			buildSettings = {
				INFOPLIST_FILE = "MOB-TESTUITests/Info.plist";
				LD_RUNPATH_SEARCH_PATHS = "$(inherited) @executable_path/Frameworks @loader_path/Frameworks";
				PRODUCT_BUNDLE_IDENTIFIER = "com.CG.MOB-TESTUITests";
				PRODUCT_NAME = "$(TARGET_NAME)";
				TEST_TARGET_NAME = "MOB-TEST";
				USES_XCTRUNNER = YES;
			};
			name = Debug;
		};
		D028D3521BC6BB8B0086AEF5 /* Release */ = {
			isa = XCBuildConfiguration;
			buildSettings = {
				INFOPLIST_FILE = "MOB-TESTUITests/Info.plist";
				LD_RUNPATH_SEARCH_PATHS = "$(inherited) @executable_path/Frameworks @loader_path/Frameworks";
				PRODUCT_BUNDLE_IDENTIFIER = "com.CG.MOB-TESTUITests";
				PRODUCT_NAME = "$(TARGET_NAME)";
				TEST_TARGET_NAME = "MOB-TEST";
				USES_XCTRUNNER = YES;
			};
			name = Release;
		};
/* End XCBuildConfiguration section */

/* Begin XCConfigurationList section */
		D028D31D1BC6BB8B0086AEF5 /* Build configuration list for PBXProject "MOB-TEST" */ = {
			isa = XCConfigurationList;
			buildConfigurations = (
				D028D3481BC6BB8B0086AEF5 /* Debug */,
				D028D3491BC6BB8B0086AEF5 /* Release */,
			);
			defaultConfigurationIsVisible = 0;
			defaultConfigurationName = Release;
		};
		D028D34A1BC6BB8B0086AEF5 /* Build configuration list for PBXNativeTarget "MOB-TEST" */ = {
			isa = XCConfigurationList;
			buildConfigurations = (
				D028D34B1BC6BB8B0086AEF5 /* Debug */,
				D028D34C1BC6BB8B0086AEF5 /* Release */,
			);
			defaultConfigurationIsVisible = 0;
		};
		D028D34D1BC6BB8B0086AEF5 /* Build configuration list for PBXNativeTarget "MOB-TESTTests" */ = {
			isa = XCConfigurationList;
			buildConfigurations = (
				D028D34E1BC6BB8B0086AEF5 /* Debug */,
				D028D34F1BC6BB8B0086AEF5 /* Release */,
			);
			defaultConfigurationIsVisible = 0;
		};
		D028D3501BC6BB8B0086AEF5 /* Build configuration list for PBXNativeTarget "MOB-TESTUITests" */ = {
			isa = XCConfigurationList;
			buildConfigurations = (
				D028D3511BC6BB8B0086AEF5 /* Debug */,
				D028D3521BC6BB8B0086AEF5 /* Release */,
			);
			defaultConfigurationIsVisible = 0;
		};
/* End XCConfigurationList section */
	};
	rootObject = D028D31A1BC6BB8B0086AEF5 /* Project object */;
}
