// !$*UTF8*$!
{
	archiveVersion = 1;
	classes = {
	};
	objectVersion = 46;
	objects = {

/* Begin PBXBuildFile section */
		D0EA18941BDF2F0A00870456 /* AppDelegate.swift in Sources */ = {isa = PBXBuildFile; fileRef = D0EA18931BDF2F0A00870456 /* AppDelegate.swift */; };
		D0EA18961BDF2F0A00870456 /* ViewController.swift in Sources */ = {isa = PBXBuildFile; fileRef = D0EA18951BDF2F0A00870456 /* ViewController.swift */; };
		D0EA18991BDF2F0A00870456 /* Main.storyboard in Resources */ = {isa = PBXBuildFile; fileRef = D0EA18971BDF2F0A00870456 /* Main.storyboard */; };
		D0EA189B1BDF2F0A00870456 /* Assets.xcassets in Resources */ = {isa = PBXBuildFile; fileRef = D0EA189A1BDF2F0A00870456 /* Assets.xcassets */; };
		D0EA189E1BDF2F0A00870456 /* LaunchScreen.storyboard in Resources */ = {isa = PBXBuildFile; fileRef = D0EA189C1BDF2F0A00870456 /* LaunchScreen.storyboard */; };
		D0EA18A91BDF2F0A00870456 /* CGHomework01Tests.swift in Sources */ = {isa = PBXBuildFile; fileRef = D0EA18A81BDF2F0A00870456 /* CGHomework01Tests.swift */; };
		D0EA18B41BDF2F0A00870456 /* CGHomework01UITests.swift in Sources */ = {isa = PBXBuildFile; fileRef = D0EA18B31BDF2F0A00870456 /* CGHomework01UITests.swift */; };
/* End PBXBuildFile section */

/* Begin PBXContainerItemProxy section */
		D0EA18A51BDF2F0A00870456 /* PBXContainerItemProxy */ = {
			isa = PBXContainerItemProxy;
			containerPortal = D0EA18881BDF2F0A00870456 /* Project object */;
			proxyType = 1;
			remoteGlobalIDString = D0EA188F1BDF2F0A00870456;
			remoteInfo = CGHomework01;
		};
		D0EA18B01BDF2F0A00870456 /* PBXContainerItemProxy */ = {
			isa = PBXContainerItemProxy;
			containerPortal = D0EA18881BDF2F0A00870456 /* Project object */;
			proxyType = 1;
			remoteGlobalIDString = D0EA188F1BDF2F0A00870456;
			remoteInfo = CGHomework01;
		};
/* End PBXContainerItemProxy section */

/* Begin PBXFileReference section */
		D0EA18901BDF2F0A00870456 /* CGHomework01.app */ = {isa = PBXFileReference; explicitFileType = wrapper.application; includeInIndex = 0; path = CGHomework01.app; sourceTree = BUILT_PRODUCTS_DIR; };
		D0EA18931BDF2F0A00870456 /* AppDelegate.swift */ = {isa = PBXFileReference; lastKnownFileType = sourcecode.swift; path = AppDelegate.swift; sourceTree = "<group>"; };
		D0EA18951BDF2F0A00870456 /* ViewController.swift */ = {isa = PBXFileReference; lastKnownFileType = sourcecode.swift; path = ViewController.swift; sourceTree = "<group>"; };
		D0EA18981BDF2F0A00870456 /* Base */ = {isa = PBXFileReference; lastKnownFileType = file.storyboard; name = Base; path = Base.lproj/Main.storyboard; sourceTree = "<group>"; };
		D0EA189A1BDF2F0A00870456 /* Assets.xcassets */ = {isa = PBXFileReference; lastKnownFileType = folder.assetcatalog; path = Assets.xcassets; sourceTree = "<group>"; };
		D0EA189D1BDF2F0A00870456 /* Base */ = {isa = PBXFileReference; lastKnownFileType = file.storyboard; name = Base; path = Base.lproj/LaunchScreen.storyboard; sourceTree = "<group>"; };
		D0EA189F1BDF2F0A00870456 /* Info.plist */ = {isa = PBXFileReference; lastKnownFileType = text.plist.xml; path = Info.plist; sourceTree = "<group>"; };
		D0EA18A41BDF2F0A00870456 /* CGHomework01Tests.xctest */ = {isa = PBXFileReference; explicitFileType = wrapper.cfbundle; includeInIndex = 0; path = CGHomework01Tests.xctest; sourceTree = BUILT_PRODUCTS_DIR; };
		D0EA18A81BDF2F0A00870456 /* CGHomework01Tests.swift */ = {isa = PBXFileReference; lastKnownFileType = sourcecode.swift; path = CGHomework01Tests.swift; sourceTree = "<group>"; };
		D0EA18AA1BDF2F0A00870456 /* Info.plist */ = {isa = PBXFileReference; lastKnownFileType = text.plist.xml; path = Info.plist; sourceTree = "<group>"; };
		D0EA18AF1BDF2F0A00870456 /* CGHomework01UITests.xctest */ = {isa = PBXFileReference; explicitFileType = wrapper.cfbundle; includeInIndex = 0; path = CGHomework01UITests.xctest; sourceTree = BUILT_PRODUCTS_DIR; };
		D0EA18B31BDF2F0A00870456 /* CGHomework01UITests.swift */ = {isa = PBXFileReference; lastKnownFileType = sourcecode.swift; path = CGHomework01UITests.swift; sourceTree = "<group>"; };
		D0EA18B51BDF2F0A00870456 /* Info.plist */ = {isa = PBXFileReference; lastKnownFileType = text.plist.xml; path = Info.plist; sourceTree = "<group>"; };
/* End PBXFileReference section */

/* Begin PBXFrameworksBuildPhase section */
		D0EA188D1BDF2F0A00870456 /* Frameworks */ = {
			isa = PBXFrameworksBuildPhase;
			buildActionMask = 2147483647;
			files = (
			);
			runOnlyForDeploymentPostprocessing = 0;
		};
		D0EA18A11BDF2F0A00870456 /* Frameworks */ = {
			isa = PBXFrameworksBuildPhase;
			buildActionMask = 2147483647;
			files = (
			);
			runOnlyForDeploymentPostprocessing = 0;
		};
		D0EA18AC1BDF2F0A00870456 /* Frameworks */ = {
			isa = PBXFrameworksBuildPhase;
			buildActionMask = 2147483647;
			files = (
			);
			runOnlyForDeploymentPostprocessing = 0;
		};
/* End PBXFrameworksBuildPhase section */

/* Begin PBXGroup section */
		D0EA18871BDF2F0A00870456 = {
			isa = PBXGroup;
			children = (
				D0EA18921BDF2F0A00870456 /* CGHomework01 */,
				D0EA18A71BDF2F0A00870456 /* CGHomework01Tests */,
				D0EA18B21BDF2F0A00870456 /* CGHomework01UITests */,
				D0EA18911BDF2F0A00870456 /* Products */,
			);
			sourceTree = "<group>";
		};
		D0EA18911BDF2F0A00870456 /* Products */ = {
			isa = PBXGroup;
			children = (
				D0EA18901BDF2F0A00870456 /* CGHomework01.app */,
				D0EA18A41BDF2F0A00870456 /* CGHomework01Tests.xctest */,
				D0EA18AF1BDF2F0A00870456 /* CGHomework01UITests.xctest */,
			);
			name = Products;
			sourceTree = "<group>";
		};
		D0EA18921BDF2F0A00870456 /* CGHomework01 */ = {
			isa = PBXGroup;
			children = (
				D0EA18931BDF2F0A00870456 /* AppDelegate.swift */,
				D0EA18951BDF2F0A00870456 /* ViewController.swift */,
				D0EA18971BDF2F0A00870456 /* Main.storyboard */,
				D0EA189A1BDF2F0A00870456 /* Assets.xcassets */,
				D0EA189C1BDF2F0A00870456 /* LaunchScreen.storyboard */,
				D0EA189F1BDF2F0A00870456 /* Info.plist */,
			);
			path = CGHomework01;
			sourceTree = "<group>";
		};
		D0EA18A71BDF2F0A00870456 /* CGHomework01Tests */ = {
			isa = PBXGroup;
			children = (
				D0EA18A81BDF2F0A00870456 /* CGHomework01Tests.swift */,
				D0EA18AA1BDF2F0A00870456 /* Info.plist */,
			);
			path = CGHomework01Tests;
			sourceTree = "<group>";
		};
		D0EA18B21BDF2F0A00870456 /* CGHomework01UITests */ = {
			isa = PBXGroup;
			children = (
				D0EA18B31BDF2F0A00870456 /* CGHomework01UITests.swift */,
				D0EA18B51BDF2F0A00870456 /* Info.plist */,
			);
			path = CGHomework01UITests;
			sourceTree = "<group>";
		};
/* End PBXGroup section */

/* Begin PBXNativeTarget section */
		D0EA188F1BDF2F0A00870456 /* CGHomework01 */ = {
			isa = PBXNativeTarget;
			buildConfigurationList = D0EA18B81BDF2F0A00870456 /* Build configuration list for PBXNativeTarget "CGHomework01" */;
			buildPhases = (
				D0EA188C1BDF2F0A00870456 /* Sources */,
				D0EA188D1BDF2F0A00870456 /* Frameworks */,
				D0EA188E1BDF2F0A00870456 /* Resources */,
			);
			buildRules = (
			);
			dependencies = (
			);
			name = CGHomework01;
			productName = CGHomework01;
			productReference = D0EA18901BDF2F0A00870456 /* CGHomework01.app */;
			productType = "com.apple.product-type.application";
		};
		D0EA18A31BDF2F0A00870456 /* CGHomework01Tests */ = {
			isa = PBXNativeTarget;
			buildConfigurationList = D0EA18BB1BDF2F0A00870456 /* Build configuration list for PBXNativeTarget "CGHomework01Tests" */;
			buildPhases = (
				D0EA18A01BDF2F0A00870456 /* Sources */,
				D0EA18A11BDF2F0A00870456 /* Frameworks */,
				D0EA18A21BDF2F0A00870456 /* Resources */,
			);
			buildRules = (
			);
			dependencies = (
				D0EA18A61BDF2F0A00870456 /* PBXTargetDependency */,
			);
			name = CGHomework01Tests;
			productName = CGHomework01Tests;
			productReference = D0EA18A41BDF2F0A00870456 /* CGHomework01Tests.xctest */;
			productType = "com.apple.product-type.bundle.unit-test";
		};
		D0EA18AE1BDF2F0A00870456 /* CGHomework01UITests */ = {
			isa = PBXNativeTarget;
			buildConfigurationList = D0EA18BE1BDF2F0A00870456 /* Build configuration list for PBXNativeTarget "CGHomework01UITests" */;
			buildPhases = (
				D0EA18AB1BDF2F0A00870456 /* Sources */,
				D0EA18AC1BDF2F0A00870456 /* Frameworks */,
				D0EA18AD1BDF2F0A00870456 /* Resources */,
			);
			buildRules = (
			);
			dependencies = (
				D0EA18B11BDF2F0A00870456 /* PBXTargetDependency */,
			);
			name = CGHomework01UITests;
			productName = CGHomework01UITests;
			productReference = D0EA18AF1BDF2F0A00870456 /* CGHomework01UITests.xctest */;
			productType = "com.apple.product-type.bundle.ui-testing";
		};
/* End PBXNativeTarget section */

/* Begin PBXProject section */
		D0EA18881BDF2F0A00870456 /* Project object */ = {
			isa = PBXProject;
			attributes = {
				LastSwiftUpdateCheck = 0710;
				LastUpgradeCheck = 0710;
				ORGANIZATIONNAME = "Cyrille GOSSE";
				TargetAttributes = {
					D0EA188F1BDF2F0A00870456 = {
						CreatedOnToolsVersion = 7.1;
						DevelopmentTeam = PYGCZSNQ5F;
					};
					D0EA18A31BDF2F0A00870456 = {
						CreatedOnToolsVersion = 7.1;
						DevelopmentTeam = PYGCZSNQ5F;
						TestTargetID = D0EA188F1BDF2F0A00870456;
					};
					D0EA18AE1BDF2F0A00870456 = {
						CreatedOnToolsVersion = 7.1;
						DevelopmentTeam = PYGCZSNQ5F;
						TestTargetID = D0EA188F1BDF2F0A00870456;
					};
				};
			};
			buildConfigurationList = D0EA188B1BDF2F0A00870456 /* Build configuration list for PBXProject "CGHomework01" */;
			compatibilityVersion = "Xcode 3.2";
			developmentRegion = English;
			hasScannedForEncodings = 0;
			knownRegions = (
				en,
				Base,
			);
			mainGroup = D0EA18871BDF2F0A00870456;
			productRefGroup = D0EA18911BDF2F0A00870456 /* Products */;
			projectDirPath = "";
			projectRoot = "";
			targets = (
				D0EA188F1BDF2F0A00870456 /* CGHomework01 */,
				D0EA18A31BDF2F0A00870456 /* CGHomework01Tests */,
				D0EA18AE1BDF2F0A00870456 /* CGHomework01UITests */,
			);
		};
/* End PBXProject section */

/* Begin PBXResourcesBuildPhase section */
		D0EA188E1BDF2F0A00870456 /* Resources */ = {
			isa = PBXResourcesBuildPhase;
			buildActionMask = 2147483647;
			files = (
				D0EA189E1BDF2F0A00870456 /* LaunchScreen.storyboard in Resources */,
				D0EA189B1BDF2F0A00870456 /* Assets.xcassets in Resources */,
				D0EA18991BDF2F0A00870456 /* Main.storyboard in Resources */,
			);
			runOnlyForDeploymentPostprocessing = 0;
		};
		D0EA18A21BDF2F0A00870456 /* Resources */ = {
			isa = PBXResourcesBuildPhase;
			buildActionMask = 2147483647;
			files = (
			);
			runOnlyForDeploymentPostprocessing = 0;
		};
		D0EA18AD1BDF2F0A00870456 /* Resources */ = {
			isa = PBXResourcesBuildPhase;
			buildActionMask = 2147483647;
			files = (
			);
			runOnlyForDeploymentPostprocessing = 0;
		};
/* End PBXResourcesBuildPhase section */

/* Begin PBXSourcesBuildPhase section */
		D0EA188C1BDF2F0A00870456 /* Sources */ = {
			isa = PBXSourcesBuildPhase;
			buildActionMask = 2147483647;
			files = (
				D0EA18961BDF2F0A00870456 /* ViewController.swift in Sources */,
				D0EA18941BDF2F0A00870456 /* AppDelegate.swift in Sources */,
			);
			runOnlyForDeploymentPostprocessing = 0;
		};
		D0EA18A01BDF2F0A00870456 /* Sources */ = {
			isa = PBXSourcesBuildPhase;
			buildActionMask = 2147483647;
			files = (
				D0EA18A91BDF2F0A00870456 /* CGHomework01Tests.swift in Sources */,
			);
			runOnlyForDeploymentPostprocessing = 0;
		};
		D0EA18AB1BDF2F0A00870456 /* Sources */ = {
			isa = PBXSourcesBuildPhase;
			buildActionMask = 2147483647;
			files = (
				D0EA18B41BDF2F0A00870456 /* CGHomework01UITests.swift in Sources */,
			);
			runOnlyForDeploymentPostprocessing = 0;
		};
/* End PBXSourcesBuildPhase section */

/* Begin PBXTargetDependency section */
		D0EA18A61BDF2F0A00870456 /* PBXTargetDependency */ = {
			isa = PBXTargetDependency;
			target = D0EA188F1BDF2F0A00870456 /* CGHomework01 */;
			targetProxy = D0EA18A51BDF2F0A00870456 /* PBXContainerItemProxy */;
		};
		D0EA18B11BDF2F0A00870456 /* PBXTargetDependency */ = {
			isa = PBXTargetDependency;
			target = D0EA188F1BDF2F0A00870456 /* CGHomework01 */;
			targetProxy = D0EA18B01BDF2F0A00870456 /* PBXContainerItemProxy */;
		};
/* End PBXTargetDependency section */

/* Begin PBXVariantGroup section */
		D0EA18971BDF2F0A00870456 /* Main.storyboard */ = {
			isa = PBXVariantGroup;
			children = (
				D0EA18981BDF2F0A00870456 /* Base */,
			);
			name = Main.storyboard;
			sourceTree = "<group>";
		};
		D0EA189C1BDF2F0A00870456 /* LaunchScreen.storyboard */ = {
			isa = PBXVariantGroup;
			children = (
				D0EA189D1BDF2F0A00870456 /* Base */,
			);
			name = LaunchScreen.storyboard;
			sourceTree = "<group>";
		};
/* End PBXVariantGroup section */

/* Begin XCBuildConfiguration section */
		D0EA18B61BDF2F0A00870456 /* Debug */ = {
			isa = XCBuildConfiguration;
			buildSettings = {
				ALWAYS_SEARCH_USER_PATHS = NO;
				CLANG_CXX_LANGUAGE_STANDARD = "gnu++0x";
				CLANG_CXX_LIBRARY = "libc++";
				CLANG_ENABLE_MODULES = YES;
				CLANG_ENABLE_OBJC_ARC = YES;
				CLANG_WARN_BOOL_CONVERSION = YES;
				CLANG_WARN_CONSTANT_CONVERSION = YES;
				CLANG_WARN_DIRECT_OBJC_ISA_USAGE = YES_ERROR;
				CLANG_WARN_EMPTY_BODY = YES;
				CLANG_WARN_ENUM_CONVERSION = YES;
				CLANG_WARN_INT_CONVERSION = YES;
				CLANG_WARN_OBJC_ROOT_CLASS = YES_ERROR;
				CLANG_WARN_UNREACHABLE_CODE = YES;
				CLANG_WARN__DUPLICATE_METHOD_MATCH = YES;
				"CODE_SIGN_IDENTITY[sdk=iphoneos*]" = "iPhone Developer";
				COPY_PHASE_STRIP = NO;
				DEBUG_INFORMATION_FORMAT = dwarf;
				ENABLE_STRICT_OBJC_MSGSEND = YES;
				ENABLE_TESTABILITY = YES;
				GCC_C_LANGUAGE_STANDARD = gnu99;
				GCC_DYNAMIC_NO_PIC = NO;
				GCC_NO_COMMON_BLOCKS = YES;
				GCC_OPTIMIZATION_LEVEL = 0;
				GCC_PREPROCESSOR_DEFINITIONS = (
					"DEBUG=1",
					"$(inherited)",
				);
				GCC_WARN_64_TO_32_BIT_CONVERSION = YES;
				GCC_WARN_ABOUT_RETURN_TYPE = YES_ERROR;
				GCC_WARN_UNDECLARED_SELECTOR = YES;
				GCC_WARN_UNINITIALIZED_AUTOS = YES_AGGRESSIVE;
				GCC_WARN_UNUSED_FUNCTION = YES;
				GCC_WARN_UNUSED_VARIABLE = YES;
				IPHONEOS_DEPLOYMENT_TARGET = 9.1;
				MTL_ENABLE_DEBUG_INFO = YES;
				ONLY_ACTIVE_ARCH = YES;
				SDKROOT = iphoneos;
				SWIFT_OPTIMIZATION_LEVEL = "-Onone";
			};
			name = Debug;
		};
		D0EA18B71BDF2F0A00870456 /* Release */ = {
			isa = XCBuildConfiguration;
			buildSettings = {
				ALWAYS_SEARCH_USER_PATHS = NO;
				CLANG_CXX_LANGUAGE_STANDARD = "gnu++0x";
				CLANG_CXX_LIBRARY = "libc++";
				CLANG_ENABLE_MODULES = YES;
				CLANG_ENABLE_OBJC_ARC = YES;
				CLANG_WARN_BOOL_CONVERSION = YES;
				CLANG_WARN_CONSTANT_CONVERSION = YES;
				CLANG_WARN_DIRECT_OBJC_ISA_USAGE = YES_ERROR;
				CLANG_WARN_EMPTY_BODY = YES;
				CLANG_WARN_ENUM_CONVERSION = YES;
				CLANG_WARN_INT_CONVERSION = YES;
				CLANG_WARN_OBJC_ROOT_CLASS = YES_ERROR;
				CLANG_WARN_UNREACHABLE_CODE = YES;
				CLANG_WARN__DUPLICATE_METHOD_MATCH = YES;
				"CODE_SIGN_IDENTITY[sdk=iphoneos*]" = "iPhone Developer";
				COPY_PHASE_STRIP = NO;
				DEBUG_INFORMATION_FORMAT = "dwarf-with-dsym";
				ENABLE_NS_ASSERTIONS = NO;
				ENABLE_STRICT_OBJC_MSGSEND = YES;
				GCC_C_LANGUAGE_STANDARD = gnu99;
				GCC_NO_COMMON_BLOCKS = YES;
				GCC_WARN_64_TO_32_BIT_CONVERSION = YES;
				GCC_WARN_ABOUT_RETURN_TYPE = YES_ERROR;
				GCC_WARN_UNDECLARED_SELECTOR = YES;
				GCC_WARN_UNINITIALIZED_AUTOS = YES_AGGRESSIVE;
				GCC_WARN_UNUSED_FUNCTION = YES;
				GCC_WARN_UNUSED_VARIABLE = YES;
				IPHONEOS_DEPLOYMENT_TARGET = 9.1;
				MTL_ENABLE_DEBUG_INFO = NO;
				SDKROOT = iphoneos;
				VALIDATE_PRODUCT = YES;
			};
			name = Release;
		};
		D0EA18B91BDF2F0A00870456 /* Debug */ = {
			isa = XCBuildConfiguration;
			buildSettings = {
				ASSETCATALOG_COMPILER_APPICON_NAME = AppIcon;
				INFOPLIST_FILE = CGHomework01/Info.plist;
				LD_RUNPATH_SEARCH_PATHS = "$(inherited) @executable_path/Frameworks";
				PRODUCT_BUNDLE_IDENTIFIER = com.CG.CGHomework01;
				PRODUCT_NAME = "$(TARGET_NAME)";
			};
			name = Debug;
		};
		D0EA18BA1BDF2F0A00870456 /* Release */ = {
			isa = XCBuildConfiguration;
			buildSettings = {
				ASSETCATALOG_COMPILER_APPICON_NAME = AppIcon;
				INFOPLIST_FILE = CGHomework01/Info.plist;
				LD_RUNPATH_SEARCH_PATHS = "$(inherited) @executable_path/Frameworks";
				PRODUCT_BUNDLE_IDENTIFIER = com.CG.CGHomework01;
				PRODUCT_NAME = "$(TARGET_NAME)";
			};
			name = Release;
		};
		D0EA18BC1BDF2F0A00870456 /* Debug */ = {
			isa = XCBuildConfiguration;
			buildSettings = {
				BUNDLE_LOADER = "$(TEST_HOST)";
				INFOPLIST_FILE = CGHomework01Tests/Info.plist;
				LD_RUNPATH_SEARCH_PATHS = "$(inherited) @executable_path/Frameworks @loader_path/Frameworks";
				PRODUCT_BUNDLE_IDENTIFIER = com.CG.CGHomework01Tests;
				PRODUCT_NAME = "$(TARGET_NAME)";
				TEST_HOST = "$(BUILT_PRODUCTS_DIR)/CGHomework01.app/CGHomework01";
			};
			name = Debug;
		};
		D0EA18BD1BDF2F0A00870456 /* Release */ = {
			isa = XCBuildConfiguration;
			buildSettings = {
				BUNDLE_LOADER = "$(TEST_HOST)";
				INFOPLIST_FILE = CGHomework01Tests/Info.plist;
				LD_RUNPATH_SEARCH_PATHS = "$(inherited) @executable_path/Frameworks @loader_path/Frameworks";
				PRODUCT_BUNDLE_IDENTIFIER = com.CG.CGHomework01Tests;
				PRODUCT_NAME = "$(TARGET_NAME)";
				TEST_HOST = "$(BUILT_PRODUCTS_DIR)/CGHomework01.app/CGHomework01";
			};
			name = Release;
		};
		D0EA18BF1BDF2F0A00870456 /* Debug */ = {
			isa = XCBuildConfiguration;
			buildSettings = {
				INFOPLIST_FILE = CGHomework01UITests/Info.plist;
				LD_RUNPATH_SEARCH_PATHS = "$(inherited) @executable_path/Frameworks @loader_path/Frameworks";
				PRODUCT_BUNDLE_IDENTIFIER = com.CG.CGHomework01UITests;
				PRODUCT_NAME = "$(TARGET_NAME)";
				TEST_TARGET_NAME = CGHomework01;
				USES_XCTRUNNER = YES;
			};
			name = Debug;
		};
		D0EA18C01BDF2F0A00870456 /* Release */ = {
			isa = XCBuildConfiguration;
			buildSettings = {
				INFOPLIST_FILE = CGHomework01UITests/Info.plist;
				LD_RUNPATH_SEARCH_PATHS = "$(inherited) @executable_path/Frameworks @loader_path/Frameworks";
				PRODUCT_BUNDLE_IDENTIFIER = com.CG.CGHomework01UITests;
				PRODUCT_NAME = "$(TARGET_NAME)";
				TEST_TARGET_NAME = CGHomework01;
				USES_XCTRUNNER = YES;
			};
			name = Release;
		};
/* End XCBuildConfiguration section */

/* Begin XCConfigurationList section */
		D0EA188B1BDF2F0A00870456 /* Build configuration list for PBXProject "CGHomework01" */ = {
			isa = XCConfigurationList;
			buildConfigurations = (
				D0EA18B61BDF2F0A00870456 /* Debug */,
				D0EA18B71BDF2F0A00870456 /* Release */,
			);
			defaultConfigurationIsVisible = 0;
			defaultConfigurationName = Release;
		};
		D0EA18B81BDF2F0A00870456 /* Build configuration list for PBXNativeTarget "CGHomework01" */ = {
			isa = XCConfigurationList;
			buildConfigurations = (
				D0EA18B91BDF2F0A00870456 /* Debug */,
				D0EA18BA1BDF2F0A00870456 /* Release */,
			);
			defaultConfigurationIsVisible = 0;
		};
		D0EA18BB1BDF2F0A00870456 /* Build configuration list for PBXNativeTarget "CGHomework01Tests" */ = {
			isa = XCConfigurationList;
			buildConfigurations = (
				D0EA18BC1BDF2F0A00870456 /* Debug */,
				D0EA18BD1BDF2F0A00870456 /* Release */,
			);
			defaultConfigurationIsVisible = 0;
		};
		D0EA18BE1BDF2F0A00870456 /* Build configuration list for PBXNativeTarget "CGHomework01UITests" */ = {
			isa = XCConfigurationList;
			buildConfigurations = (
				D0EA18BF1BDF2F0A00870456 /* Debug */,
				D0EA18C01BDF2F0A00870456 /* Release */,
			);
			defaultConfigurationIsVisible = 0;
		};
/* End XCConfigurationList section */
	};
	rootObject = D0EA18881BDF2F0A00870456 /* Project object */;
}
